// !$*UTF8*$!
{
	archiveVersion = 1;
	classes = {
	};
	objectVersion = 46;
	objects = {

/* Begin PBXBuildFile section */
		8C00F7B11945BDBA00E1F7BD /* AppDelegate.swift in Sources */ = {isa = PBXBuildFile; fileRef = 8C00F7B01945BDBA00E1F7BD /* AppDelegate.swift */; };
		8C8BCC2C1945C05D0047D2D2 /* AVOSCloud.framework in Frameworks */ = {isa = PBXBuildFile; fileRef = 8C8BCC2B1945C05D0047D2D2 /* AVOSCloud.framework */; };
		8C8BCC331945C1130047D2D2 /* CoreLocation.framework in Frameworks */ = {isa = PBXBuildFile; fileRef = 8C8BCC2D1945C1120047D2D2 /* CoreLocation.framework */; };
		8C8BCC341945C1130047D2D2 /* CoreTelephony.framework in Frameworks */ = {isa = PBXBuildFile; fileRef = 8C8BCC2E1945C1130047D2D2 /* CoreTelephony.framework */; };
		8C8BCC361945C1130047D2D2 /* MobileCoreServices.framework in Frameworks */ = {isa = PBXBuildFile; fileRef = 8C8BCC301945C1130047D2D2 /* MobileCoreServices.framework */; };
		8C8BCC371945C1130047D2D2 /* QuartzCore.framework in Frameworks */ = {isa = PBXBuildFile; fileRef = 8C8BCC311945C1130047D2D2 /* QuartzCore.framework */; };
		8C8BCC381945C1130047D2D2 /* SystemConfiguration.framework in Frameworks */ = {isa = PBXBuildFile; fileRef = 8C8BCC321945C1130047D2D2 /* SystemConfiguration.framework */; };
		8C8BCC3A1945C1A50047D2D2 /* LoginViewController.swift in Sources */ = {isa = PBXBuildFile; fileRef = 8C8BCC391945C1A50047D2D2 /* LoginViewController.swift */; };
		8C8BCC3C1945C1D20047D2D2 /* RegisterViewController.swift in Sources */ = {isa = PBXBuildFile; fileRef = 8C8BCC3B1945C1D20047D2D2 /* RegisterViewController.swift */; };
		8C8BCC401945C2060047D2D2 /* UploadImageViewController.swift in Sources */ = {isa = PBXBuildFile; fileRef = 8C8BCC3F1945C2060047D2D2 /* UploadImageViewController.swift */; };
		8C8BCC421945CA300047D2D2 /* Constants.swift in Sources */ = {isa = PBXBuildFile; fileRef = 8C8BCC411945CA300047D2D2 /* Constants.swift */; };
		8C9B49DC1945BCDE00FA66BE /* Foundation.framework in Frameworks */ = {isa = PBXBuildFile; fileRef = 8C9B49DB1945BCDE00FA66BE /* Foundation.framework */; };
		8C9B49DE1945BCDE00FA66BE /* CoreGraphics.framework in Frameworks */ = {isa = PBXBuildFile; fileRef = 8C9B49DD1945BCDE00FA66BE /* CoreGraphics.framework */; };
		8C9B49E01945BCDE00FA66BE /* UIKit.framework in Frameworks */ = {isa = PBXBuildFile; fileRef = 8C9B49DF1945BCDE00FA66BE /* UIKit.framework */; };
		8C9B49E61945BCDE00FA66BE /* InfoPlist.strings in Resources */ = {isa = PBXBuildFile; fileRef = 8C9B49E41945BCDE00FA66BE /* InfoPlist.strings */; };
		8C9B49EE1945BCDE00FA66BE /* Images.xcassets in Resources */ = {isa = PBXBuildFile; fileRef = 8C9B49ED1945BCDE00FA66BE /* Images.xcassets */; };
		8CAED6091946DE11009FFBB9 /* WallPicturesViewController.swift in Sources */ = {isa = PBXBuildFile; fileRef = 8C8BCC3D1945C1F00047D2D2 /* WallPicturesViewController.swift */; };
/* End PBXBuildFile section */

/* Begin PBXFileReference section */
		8C00F7AF1945BDB900E1F7BD /* TutorialAVOSCloud-Swift-Bridging-Header.h */ = {isa = PBXFileReference; lastKnownFileType = sourcecode.c.h; path = "TutorialAVOSCloud-Swift-Bridging-Header.h"; sourceTree = "<group>"; };
		8C00F7B01945BDBA00E1F7BD /* AppDelegate.swift */ = {isa = PBXFileReference; fileEncoding = 4; lastKnownFileType = sourcecode.swift; path = AppDelegate.swift; sourceTree = "<group>"; };
		8C8BCC2B1945C05D0047D2D2 /* AVOSCloud.framework */ = {isa = PBXFileReference; lastKnownFileType = wrapper.framework; name = AVOSCloud.framework; path = "../../release-v2.5.6/AVOSCloud.framework"; sourceTree = "<group>"; };
		8C8BCC2D1945C1120047D2D2 /* CoreLocation.framework */ = {isa = PBXFileReference; lastKnownFileType = wrapper.framework; name = CoreLocation.framework; path = System/Library/Frameworks/CoreLocation.framework; sourceTree = SDKROOT; };
		8C8BCC2E1945C1130047D2D2 /* CoreTelephony.framework */ = {isa = PBXFileReference; lastKnownFileType = wrapper.framework; name = CoreTelephony.framework; path = System/Library/Frameworks/CoreTelephony.framework; sourceTree = SDKROOT; };
		8C8BCC301945C1130047D2D2 /* MobileCoreServices.framework */ = {isa = PBXFileReference; lastKnownFileType = wrapper.framework; name = MobileCoreServices.framework; path = System/Library/Frameworks/MobileCoreServices.framework; sourceTree = SDKROOT; };
		8C8BCC311945C1130047D2D2 /* QuartzCore.framework */ = {isa = PBXFileReference; lastKnownFileType = wrapper.framework; name = QuartzCore.framework; path = System/Library/Frameworks/QuartzCore.framework; sourceTree = SDKROOT; };
		8C8BCC321945C1130047D2D2 /* SystemConfiguration.framework */ = {isa = PBXFileReference; lastKnownFileType = wrapper.framework; name = SystemConfiguration.framework; path = System/Library/Frameworks/SystemConfiguration.framework; sourceTree = SDKROOT; };
		8C8BCC391945C1A50047D2D2 /* LoginViewController.swift */ = {isa = PBXFileReference; fileEncoding = 4; lastKnownFileType = sourcecode.swift; path = LoginViewController.swift; sourceTree = "<group>"; };
		8C8BCC3B1945C1D20047D2D2 /* RegisterViewController.swift */ = {isa = PBXFileReference; fileEncoding = 4; lastKnownFileType = sourcecode.swift; path = RegisterViewController.swift; sourceTree = "<group>"; };
		8C8BCC3D1945C1F00047D2D2 /* WallPicturesViewController.swift */ = {isa = PBXFileReference; fileEncoding = 4; lastKnownFileType = sourcecode.swift; path = WallPicturesViewController.swift; sourceTree = "<group>"; };
		8C8BCC3F1945C2060047D2D2 /* UploadImageViewController.swift */ = {isa = PBXFileReference; fileEncoding = 4; lastKnownFileType = sourcecode.swift; path = UploadImageViewController.swift; sourceTree = "<group>"; };
		8C8BCC411945CA300047D2D2 /* Constants.swift */ = {isa = PBXFileReference; fileEncoding = 4; lastKnownFileType = sourcecode.swift; path = Constants.swift; sourceTree = "<group>"; };
		8C9B49D81945BCDE00FA66BE /* TutorialAVOSCloud-Swift.app */ = {isa = PBXFileReference; explicitFileType = wrapper.application; includeInIndex = 0; path = "TutorialAVOSCloud-Swift.app"; sourceTree = BUILT_PRODUCTS_DIR; };
		8C9B49DB1945BCDE00FA66BE /* Foundation.framework */ = {isa = PBXFileReference; lastKnownFileType = wrapper.framework; name = Foundation.framework; path = System/Library/Frameworks/Foundation.framework; sourceTree = SDKROOT; };
		8C9B49DD1945BCDE00FA66BE /* CoreGraphics.framework */ = {isa = PBXFileReference; lastKnownFileType = wrapper.framework; name = CoreGraphics.framework; path = System/Library/Frameworks/CoreGraphics.framework; sourceTree = SDKROOT; };
		8C9B49DF1945BCDE00FA66BE /* UIKit.framework */ = {isa = PBXFileReference; lastKnownFileType = wrapper.framework; name = UIKit.framework; path = System/Library/Frameworks/UIKit.framework; sourceTree = SDKROOT; };
		8C9B49E31945BCDE00FA66BE /* TutorialAVOSCloud-Swift-Info.plist */ = {isa = PBXFileReference; lastKnownFileType = text.plist.xml; path = "TutorialAVOSCloud-Swift-Info.plist"; sourceTree = "<group>"; };
		8C9B49E51945BCDE00FA66BE /* en */ = {isa = PBXFileReference; lastKnownFileType = text.plist.strings; name = en; path = en.lproj/InfoPlist.strings; sourceTree = "<group>"; };
		8C9B49ED1945BCDE00FA66BE /* Images.xcassets */ = {isa = PBXFileReference; lastKnownFileType = folder.assetcatalog; path = Images.xcassets; sourceTree = "<group>"; };
/* End PBXFileReference section */

/* Begin PBXFrameworksBuildPhase section */
		8C9B49D51945BCDE00FA66BE /* Frameworks */ = {
			isa = PBXFrameworksBuildPhase;
			buildActionMask = 2147483647;
			files = (
				8C8BCC331945C1130047D2D2 /* CoreLocation.framework in Frameworks */,
				8C8BCC341945C1130047D2D2 /* CoreTelephony.framework in Frameworks */,
				8C8BCC361945C1130047D2D2 /* MobileCoreServices.framework in Frameworks */,
				8C8BCC371945C1130047D2D2 /* QuartzCore.framework in Frameworks */,
				8C8BCC381945C1130047D2D2 /* SystemConfiguration.framework in Frameworks */,
				8C8BCC2C1945C05D0047D2D2 /* AVOSCloud.framework in Frameworks */,
				8C9B49DE1945BCDE00FA66BE /* CoreGraphics.framework in Frameworks */,
				8C9B49E01945BCDE00FA66BE /* UIKit.framework in Frameworks */,
				8C9B49DC1945BCDE00FA66BE /* Foundation.framework in Frameworks */,
			);
			runOnlyForDeploymentPostprocessing = 0;
		};
/* End PBXFrameworksBuildPhase section */

/* Begin PBXGroup section */
		8C9B49CF1945BCDE00FA66BE = {
			isa = PBXGroup;
			children = (
				8C9B49E11945BCDE00FA66BE /* TutorialAVOSCloud-Swift */,
				8C9B49DA1945BCDE00FA66BE /* Frameworks */,
				8C9B49D91945BCDE00FA66BE /* Products */,
			);
			sourceTree = "<group>";
		};
		8C9B49D91945BCDE00FA66BE /* Products */ = {
			isa = PBXGroup;
			children = (
				8C9B49D81945BCDE00FA66BE /* TutorialAVOSCloud-Swift.app */,
			);
			name = Products;
			sourceTree = "<group>";
		};
		8C9B49DA1945BCDE00FA66BE /* Frameworks */ = {
			isa = PBXGroup;
			children = (
				8C8BCC2D1945C1120047D2D2 /* CoreLocation.framework */,
				8C8BCC2E1945C1130047D2D2 /* CoreTelephony.framework */,
				8C8BCC301945C1130047D2D2 /* MobileCoreServices.framework */,
				8C8BCC311945C1130047D2D2 /* QuartzCore.framework */,
				8C8BCC321945C1130047D2D2 /* SystemConfiguration.framework */,
				8C8BCC2B1945C05D0047D2D2 /* AVOSCloud.framework */,
				8C9B49DB1945BCDE00FA66BE /* Foundation.framework */,
				8C9B49DD1945BCDE00FA66BE /* CoreGraphics.framework */,
				8C9B49DF1945BCDE00FA66BE /* UIKit.framework */,
			);
			name = Frameworks;
			sourceTree = "<group>";
		};
		8C9B49E11945BCDE00FA66BE /* TutorialAVOSCloud-Swift */ = {
			isa = PBXGroup;
			children = (
				8C00F7B01945BDBA00E1F7BD /* AppDelegate.swift */,
				8C9B49ED1945BCDE00FA66BE /* Images.xcassets */,
				8C9B49E21945BCDE00FA66BE /* Supporting Files */,
				8C00F7AF1945BDB900E1F7BD /* TutorialAVOSCloud-Swift-Bridging-Header.h */,
				8C8BCC391945C1A50047D2D2 /* LoginViewController.swift */,
				8C8BCC3B1945C1D20047D2D2 /* RegisterViewController.swift */,
				8C8BCC3D1945C1F00047D2D2 /* WallPicturesViewController.swift */,
				8C8BCC3F1945C2060047D2D2 /* UploadImageViewController.swift */,
				8C8BCC411945CA300047D2D2 /* Constants.swift */,
			);
			path = "TutorialAVOSCloud-Swift";
			sourceTree = "<group>";
		};
		8C9B49E21945BCDE00FA66BE /* Supporting Files */ = {
			isa = PBXGroup;
			children = (
				8C9B49E31945BCDE00FA66BE /* TutorialAVOSCloud-Swift-Info.plist */,
				8C9B49E41945BCDE00FA66BE /* InfoPlist.strings */,
			);
			name = "Supporting Files";
			sourceTree = "<group>";
		};
/* End PBXGroup section */

/* Begin PBXNativeTarget section */
		8C9B49D71945BCDE00FA66BE /* TutorialAVOSCloud-Swift */ = {
			isa = PBXNativeTarget;
			buildConfigurationList = 8C9B4A041945BCDE00FA66BE /* Build configuration list for PBXNativeTarget "TutorialAVOSCloud-Swift" */;
			buildPhases = (
				8C9B49D41945BCDE00FA66BE /* Sources */,
				8C9B49D51945BCDE00FA66BE /* Frameworks */,
				8C9B49D61945BCDE00FA66BE /* Resources */,
			);
			buildRules = (
			);
			dependencies = (
			);
			name = "TutorialAVOSCloud-Swift";
			productName = "TutorialAVOSCloud-Swift";
			productReference = 8C9B49D81945BCDE00FA66BE /* TutorialAVOSCloud-Swift.app */;
			productType = "com.apple.product-type.application";
		};
/* End PBXNativeTarget section */

/* Begin PBXProject section */
		8C9B49D01945BCDE00FA66BE /* Project object */ = {
			isa = PBXProject;
			attributes = {
				LastUpgradeCheck = 0510;
				ORGANIZATIONNAME = AVOS;
			};
			buildConfigurationList = 8C9B49D31945BCDE00FA66BE /* Build configuration list for PBXProject "TutorialAVOSCloud-Swift" */;
			compatibilityVersion = "Xcode 3.2";
			developmentRegion = English;
			hasScannedForEncodings = 0;
			knownRegions = (
				en,
			);
			mainGroup = 8C9B49CF1945BCDE00FA66BE;
			productRefGroup = 8C9B49D91945BCDE00FA66BE /* Products */;
			projectDirPath = "";
			projectRoot = "";
			targets = (
				8C9B49D71945BCDE00FA66BE /* TutorialAVOSCloud-Swift */,
			);
		};
/* End PBXProject section */

/* Begin PBXResourcesBuildPhase section */
		8C9B49D61945BCDE00FA66BE /* Resources */ = {
			isa = PBXResourcesBuildPhase;
			buildActionMask = 2147483647;
			files = (
				8C9B49E61945BCDE00FA66BE /* InfoPlist.strings in Resources */,
				8C9B49EE1945BCDE00FA66BE /* Images.xcassets in Resources */,
			);
			runOnlyForDeploymentPostprocessing = 0;
		};
/* End PBXResourcesBuildPhase section */

/* Begin PBXSourcesBuildPhase section */
		8C9B49D41945BCDE00FA66BE /* Sources */ = {
			isa = PBXSourcesBuildPhase;
			buildActionMask = 2147483647;
			files = (
				8C8BCC3C1945C1D20047D2D2 /* RegisterViewController.swift in Sources */,
				8C8BCC3A1945C1A50047D2D2 /* LoginViewController.swift in Sources */,
				8C8BCC401945C2060047D2D2 /* UploadImageViewController.swift in Sources */,
				8C00F7B11945BDBA00E1F7BD /* AppDelegate.swift in Sources */,
				8C8BCC421945CA300047D2D2 /* Constants.swift in Sources */,
				8CAED6091946DE11009FFBB9 /* WallPicturesViewController.swift in Sources */,
			);
			runOnlyForDeploymentPostprocessing = 0;
		};
/* End PBXSourcesBuildPhase section */

/* Begin PBXVariantGroup section */
		8C9B49E41945BCDE00FA66BE /* InfoPlist.strings */ = {
			isa = PBXVariantGroup;
			children = (
				8C9B49E51945BCDE00FA66BE /* en */,
			);
			name = InfoPlist.strings;
			sourceTree = "<group>";
		};
/* End PBXVariantGroup section */

/* Begin XCBuildConfiguration section */
		8C9B4A021945BCDE00FA66BE /* Debug */ = {
			isa = XCBuildConfiguration;
			buildSettings = {
				ALWAYS_SEARCH_USER_PATHS = NO;
				CLANG_CXX_LANGUAGE_STANDARD = "gnu++0x";
				CLANG_CXX_LIBRARY = "libc++";
				CLANG_ENABLE_MODULES = YES;
				CLANG_ENABLE_OBJC_ARC = YES;
				CLANG_WARN_BOOL_CONVERSION = YES;
				CLANG_WARN_CONSTANT_CONVERSION = YES;
				CLANG_WARN_DIRECT_OBJC_ISA_USAGE = YES_ERROR;
				CLANG_WARN_EMPTY_BODY = YES;
				CLANG_WARN_ENUM_CONVERSION = YES;
				CLANG_WARN_INT_CONVERSION = YES;
				CLANG_WARN_OBJC_ROOT_CLASS = YES_ERROR;
				CLANG_WARN__DUPLICATE_METHOD_MATCH = YES;
				"CODE_SIGN_IDENTITY[sdk=iphoneos*]" = "iPhone Developer";
				COPY_PHASE_STRIP = NO;
				FRAMEWORK_SEARCH_PATHS = "$(SRCROOT)/../../release-v2.5.6";
				GCC_C_LANGUAGE_STANDARD = gnu99;
				GCC_DYNAMIC_NO_PIC = NO;
				GCC_OPTIMIZATION_LEVEL = 0;
				GCC_PREPROCESSOR_DEFINITIONS = (
					"DEBUG=1",
					"$(inherited)",
				);
				GCC_SYMBOLS_PRIVATE_EXTERN = NO;
				GCC_WARN_64_TO_32_BIT_CONVERSION = YES;
				GCC_WARN_ABOUT_RETURN_TYPE = YES_ERROR;
				GCC_WARN_UNDECLARED_SELECTOR = YES;
				GCC_WARN_UNINITIALIZED_AUTOS = YES_AGGRESSIVE;
				GCC_WARN_UNUSED_FUNCTION = YES;
				GCC_WARN_UNUSED_VARIABLE = YES;
				IPHONEOS_DEPLOYMENT_TARGET = 7.1;
				ONLY_ACTIVE_ARCH = YES;
				SDKROOT = iphoneos;
				TARGETED_DEVICE_FAMILY = "1,2";
			};
			name = Debug;
		};
		8C9B4A031945BCDE00FA66BE /* Release */ = {
			isa = XCBuildConfiguration;
			buildSettings = {
				ALWAYS_SEARCH_USER_PATHS = NO;
				CLANG_CXX_LANGUAGE_STANDARD = "gnu++0x";
				CLANG_CXX_LIBRARY = "libc++";
				CLANG_ENABLE_MODULES = YES;
				CLANG_ENABLE_OBJC_ARC = YES;
				CLANG_WARN_BOOL_CONVERSION = YES;
				CLANG_WARN_CONSTANT_CONVERSION = YES;
				CLANG_WARN_DIRECT_OBJC_ISA_USAGE = YES_ERROR;
				CLANG_WARN_EMPTY_BODY = YES;
				CLANG_WARN_ENUM_CONVERSION = YES;
				CLANG_WARN_INT_CONVERSION = YES;
				CLANG_WARN_OBJC_ROOT_CLASS = YES_ERROR;
				CLANG_WARN__DUPLICATE_METHOD_MATCH = YES;
				"CODE_SIGN_IDENTITY[sdk=iphoneos*]" = "iPhone Developer";
				COPY_PHASE_STRIP = YES;
				ENABLE_NS_ASSERTIONS = NO;
				FRAMEWORK_SEARCH_PATHS = "$(SRCROOT)/../../release-v2.5.6";
				GCC_C_LANGUAGE_STANDARD = gnu99;
				GCC_WARN_64_TO_32_BIT_CONVERSION = YES;
				GCC_WARN_ABOUT_RETURN_TYPE = YES_ERROR;
				GCC_WARN_UNDECLARED_SELECTOR = YES;
				GCC_WARN_UNINITIALIZED_AUTOS = YES_AGGRESSIVE;
				GCC_WARN_UNUSED_FUNCTION = YES;
				GCC_WARN_UNUSED_VARIABLE = YES;
				IPHONEOS_DEPLOYMENT_TARGET = 7.1;
				SDKROOT = iphoneos;
				TARGETED_DEVICE_FAMILY = "1,2";
				VALIDATE_PRODUCT = YES;
			};
			name = Release;
		};
		8C9B4A051945BCDE00FA66BE /* Debug */ = {
			isa = XCBuildConfiguration;
			buildSettings = {
				ASSETCATALOG_COMPILER_APPICON_NAME = AppIcon;
				ASSETCATALOG_COMPILER_LAUNCHIMAGE_NAME = LaunchImage;
				CLANG_ENABLE_MODULES = YES;
				GCC_PRECOMPILE_PREFIX_HEADER = YES;
				GCC_PREFIX_HEADER = "TutorialAVOSCloud-Swift/TutorialAVOSCloud-Swift-Prefix.pch";
				INFOPLIST_FILE = "TutorialAVOSCloud-Swift/TutorialAVOSCloud-Swift-Info.plist";
				IPHONEOS_DEPLOYMENT_TARGET = 8.0;
				LD_RUNPATH_SEARCH_PATHS = "$(inherited) @executable_path/Frameworks";
				PRODUCT_NAME = "$(TARGET_NAME)";
				SWIFT_OBJC_BRIDGING_HEADER = "TutorialAVOSCloud-Swift/TutorialAVOSCloud-Swift-Bridging-Header.h";
				SWIFT_OPTIMIZATION_LEVEL = "-Onone";
				WRAPPER_EXTENSION = app;
			};
			name = Debug;
		};
		8C9B4A061945BCDE00FA66BE /* Release */ = {
			isa = XCBuildConfiguration;
			buildSettings = {
				ASSETCATALOG_COMPILER_APPICON_NAME = AppIcon;
				ASSETCATALOG_COMPILER_LAUNCHIMAGE_NAME = LaunchImage;
				CLANG_ENABLE_MODULES = YES;
				GCC_PRECOMPILE_PREFIX_HEADER = YES;
				GCC_PREFIX_HEADER = "TutorialAVOSCloud-Swift/TutorialAVOSCloud-Swift-Prefix.pch";
				INFOPLIST_FILE = "TutorialAVOSCloud-Swift/TutorialAVOSCloud-Swift-Info.plist";
				IPHONEOS_DEPLOYMENT_TARGET = 8.0;
				LD_RUNPATH_SEARCH_PATHS = "$(inherited) @executable_path/Frameworks";
				PRODUCT_NAME = "$(TARGET_NAME)";
				SWIFT_OBJC_BRIDGING_HEADER = "TutorialAVOSCloud-Swift/TutorialAVOSCloud-Swift-Bridging-Header.h";
				WRAPPER_EXTENSION = app;
			};
			name = Release;
		};
/* End XCBuildConfiguration section */

/* Begin XCConfigurationList section */
		8C9B49D31945BCDE00FA66BE /* Build configuration list for PBXProject "TutorialAVOSCloud-Swift" */ = {
			isa = XCConfigurationList;
			buildConfigurations = (
				8C9B4A021945BCDE00FA66BE /* Debug */,
				8C9B4A031945BCDE00FA66BE /* Release */,
			);
			defaultConfigurationIsVisible = 0;
			defaultConfigurationName = Release;
		};
		8C9B4A041945BCDE00FA66BE /* Build configuration list for PBXNativeTarget "TutorialAVOSCloud-Swift" */ = {
			isa = XCConfigurationList;
			buildConfigurations = (
				8C9B4A051945BCDE00FA66BE /* Debug */,
				8C9B4A061945BCDE00FA66BE /* Release */,
			);
			defaultConfigurationIsVisible = 0;
			defaultConfigurationName = Release;
		};
/* End XCConfigurationList section */
	};
	rootObject = 8C9B49D01945BCDE00FA66BE /* Project object */;
}
