// !$*UTF8*$!
{
	archiveVersion = 1;
	classes = {
	};
	objectVersion = 46;
	objects = {

/* Begin PBXBuildFile section */
		1F1E0FB718585AD200E9097E /* main.m in Sources */ = {isa = PBXBuildFile; fileRef = 1F1E0FB618585AD200E9097E /* main.m */; };
		1F1E0FBA18585B1000E9097E /* SourceViewController.m in Sources */ = {isa = PBXBuildFile; fileRef = 1F1E0FB918585B1000E9097E /* SourceViewController.m */; };
		1F1E0FBC18585C0E00E9097E /* html in Resources */ = {isa = PBXBuildFile; fileRef = 1F1E0FBB18585C0E00E9097E /* html */; };
		1F3AF9B11828C6DE003277B5 /* Foundation.framework in Frameworks */ = {isa = PBXBuildFile; fileRef = 1F3AF9B01828C6DE003277B5 /* Foundation.framework */; };
		1F3AF9B31828C6DE003277B5 /* CoreGraphics.framework in Frameworks */ = {isa = PBXBuildFile; fileRef = 1F3AF9B21828C6DE003277B5 /* CoreGraphics.framework */; };
		1F3AF9B51828C6DE003277B5 /* UIKit.framework in Frameworks */ = {isa = PBXBuildFile; fileRef = 1F3AF9B41828C6DE003277B5 /* UIKit.framework */; };
		1F66B1FE185EA8870034AA65 /* AppDelegate.m in Sources */ = {isa = PBXBuildFile; fileRef = 1F66B1FD185EA8870034AA65 /* AppDelegate.m */; };
		1F66B205185EA8B40034AA65 /* cloud.png in Resources */ = {isa = PBXBuildFile; fileRef = 1F66B200185EA8B40034AA65 /* cloud.png */; };
		1F66B206185EA8B40034AA65 /* cloud@2x.png in Resources */ = {isa = PBXBuildFile; fileRef = 1F66B201185EA8B40034AA65 /* cloud@2x.png */; };
		1F66B207185EA8B40034AA65 /* Images.xcassets in Resources */ = {isa = PBXBuildFile; fileRef = 1F66B202185EA8B40034AA65 /* Images.xcassets */; };
		1F66B208185EA8B40034AA65 /* Localizable.strings in Resources */ = {isa = PBXBuildFile; fileRef = 1F66B203185EA8B40034AA65 /* Localizable.strings */; };
		1F71866C18603F3700D7B79D /* AVUserBasic.m in Sources */ = {isa = PBXBuildFile; fileRef = 1F71866B18603F3700D7B79D /* AVUserBasic.m */; };
		1FAA7D5618586FE800A2065B /* DemoListC.m in Sources */ = {isa = PBXBuildFile; fileRef = 1FAA7D5518586FE800A2065B /* DemoListC.m */; };
		1FAA7D581859551C00A2065B /* DemoConfig.plist in Resources */ = {isa = PBXBuildFile; fileRef = 1FAA7D571859551C00A2065B /* DemoConfig.plist */; };
		1FAA7D651859661B00A2065B /* AVObjectBasic.m in Sources */ = {isa = PBXBuildFile; fileRef = 1FAA7D641859661B00A2065B /* AVObjectBasic.m */; };
		1FAA7D681859668D00A2065B /* Demo.m in Sources */ = {isa = PBXBuildFile; fileRef = 1FAA7D671859668D00A2065B /* Demo.m */; };
		1FAA7D6B1859691F00A2065B /* DemoRunC.m in Sources */ = {isa = PBXBuildFile; fileRef = 1FAA7D6A1859691F00A2065B /* DemoRunC.m */; };
		1FAA7D7C1859B00300A2065B /* AVQueryBasic.m in Sources */ = {isa = PBXBuildFile; fileRef = 1FAA7D7B1859B00300A2065B /* AVQueryBasic.m */; };
		1FAA7D7F1859BB5600A2065B /* AVFileBasic.m in Sources */ = {isa = PBXBuildFile; fileRef = 1FAA7D7E1859BB5600A2065B /* AVFileBasic.m */; };
		1FAA7D821859BC7500A2065B /* AVSubclassAdvanced.m in Sources */ = {isa = PBXBuildFile; fileRef = 1FAA7D811859BC7500A2065B /* AVSubclassAdvanced.m */; };
		2A48206ED88B46AE8F92ED82 /* libPods.a in Frameworks */ = {isa = PBXBuildFile; fileRef = 2B81DBB2262E43A2A578442A /* libPods.a */; };
/* End PBXBuildFile section */

/* Begin PBXFileReference section */
		1F1E0FB618585AD200E9097E /* main.m */ = {isa = PBXFileReference; fileEncoding = 4; lastKnownFileType = sourcecode.c.objc; path = main.m; sourceTree = "<group>"; };
		1F1E0FB818585B1000E9097E /* SourceViewController.h */ = {isa = PBXFileReference; fileEncoding = 4; lastKnownFileType = sourcecode.c.h; path = SourceViewController.h; sourceTree = "<group>"; };
		1F1E0FB918585B1000E9097E /* SourceViewController.m */ = {isa = PBXFileReference; fileEncoding = 4; lastKnownFileType = sourcecode.c.objc; path = SourceViewController.m; sourceTree = "<group>"; };
		1F1E0FBB18585C0E00E9097E /* html */ = {isa = PBXFileReference; lastKnownFileType = folder; name = html; path = OtherSource/html; sourceTree = SOURCE_ROOT; };
		1F3AF9AD1828C6DE003277B5 /* AVOSDemo.app */ = {isa = PBXFileReference; explicitFileType = wrapper.application; includeInIndex = 0; path = AVOSDemo.app; sourceTree = BUILT_PRODUCTS_DIR; };
		1F3AF9B01828C6DE003277B5 /* Foundation.framework */ = {isa = PBXFileReference; lastKnownFileType = wrapper.framework; name = Foundation.framework; path = System/Library/Frameworks/Foundation.framework; sourceTree = SDKROOT; };
		1F3AF9B21828C6DE003277B5 /* CoreGraphics.framework */ = {isa = PBXFileReference; lastKnownFileType = wrapper.framework; name = CoreGraphics.framework; path = System/Library/Frameworks/CoreGraphics.framework; sourceTree = SDKROOT; };
		1F3AF9B41828C6DE003277B5 /* UIKit.framework */ = {isa = PBXFileReference; lastKnownFileType = wrapper.framework; name = UIKit.framework; path = System/Library/Frameworks/UIKit.framework; sourceTree = SDKROOT; };
		1F66B1FC185EA8870034AA65 /* AppDelegate.h */ = {isa = PBXFileReference; fileEncoding = 4; lastKnownFileType = sourcecode.c.h; path = AppDelegate.h; sourceTree = "<group>"; };
		1F66B1FD185EA8870034AA65 /* AppDelegate.m */ = {isa = PBXFileReference; fileEncoding = 4; lastKnownFileType = sourcecode.c.objc; path = AppDelegate.m; sourceTree = "<group>"; };
		1F66B1FF185EA8B40034AA65 /* AVOSDemo-Info.plist */ = {isa = PBXFileReference; fileEncoding = 4; lastKnownFileType = text.plist.xml; name = "AVOSDemo-Info.plist"; path = "OtherSource/AVOSDemo-Info.plist"; sourceTree = SOURCE_ROOT; };
		1F66B200185EA8B40034AA65 /* cloud.png */ = {isa = PBXFileReference; lastKnownFileType = image.png; name = cloud.png; path = OtherSource/cloud.png; sourceTree = SOURCE_ROOT; };
		1F66B201185EA8B40034AA65 /* cloud@2x.png */ = {isa = PBXFileReference; lastKnownFileType = image.png; name = "cloud@2x.png"; path = "OtherSource/cloud@2x.png"; sourceTree = SOURCE_ROOT; };
		1F66B202185EA8B40034AA65 /* Images.xcassets */ = {isa = PBXFileReference; lastKnownFileType = folder.assetcatalog; name = Images.xcassets; path = OtherSource/Images.xcassets; sourceTree = SOURCE_ROOT; };
		1F66B203185EA8B40034AA65 /* Localizable.strings */ = {isa = PBXFileReference; fileEncoding = 4; lastKnownFileType = text.plist.strings; name = Localizable.strings; path = OtherSource/Localizable.strings; sourceTree = SOURCE_ROOT; };
		1F66B209185EF7BA0034AA65 /* README.md */ = {isa = PBXFileReference; lastKnownFileType = text; path = README.md; sourceTree = SOURCE_ROOT; };
		1F71866A18603F3700D7B79D /* AVUserBasic.h */ = {isa = PBXFileReference; fileEncoding = 4; lastKnownFileType = sourcecode.c.h; path = AVUserBasic.h; sourceTree = "<group>"; };
		1F71866B18603F3700D7B79D /* AVUserBasic.m */ = {isa = PBXFileReference; fileEncoding = 4; lastKnownFileType = sourcecode.c.objc; path = AVUserBasic.m; sourceTree = "<group>"; };
		1FAA7D5418586FE800A2065B /* DemoListC.h */ = {isa = PBXFileReference; fileEncoding = 4; lastKnownFileType = sourcecode.c.h; path = DemoListC.h; sourceTree = "<group>"; };
		1FAA7D5518586FE800A2065B /* DemoListC.m */ = {isa = PBXFileReference; fileEncoding = 4; lastKnownFileType = sourcecode.c.objc; path = DemoListC.m; sourceTree = "<group>"; };
		1FAA7D571859551C00A2065B /* DemoConfig.plist */ = {isa = PBXFileReference; fileEncoding = 4; lastKnownFileType = text.plist.xml; name = DemoConfig.plist; path = OtherSource/DemoConfig.plist; sourceTree = SOURCE_ROOT; };
		1FAA7D631859661B00A2065B /* AVObjectBasic.h */ = {isa = PBXFileReference; fileEncoding = 4; lastKnownFileType = sourcecode.c.h; path = AVObjectBasic.h; sourceTree = "<group>"; };
		1FAA7D641859661B00A2065B /* AVObjectBasic.m */ = {isa = PBXFileReference; fileEncoding = 4; lastKnownFileType = sourcecode.c.objc; path = AVObjectBasic.m; sourceTree = "<group>"; };
		1FAA7D661859668D00A2065B /* Demo.h */ = {isa = PBXFileReference; fileEncoding = 4; lastKnownFileType = sourcecode.c.h; path = Demo.h; sourceTree = "<group>"; };
		1FAA7D671859668D00A2065B /* Demo.m */ = {isa = PBXFileReference; fileEncoding = 4; lastKnownFileType = sourcecode.c.objc; path = Demo.m; sourceTree = "<group>"; };
		1FAA7D691859691F00A2065B /* DemoRunC.h */ = {isa = PBXFileReference; fileEncoding = 4; lastKnownFileType = sourcecode.c.h; path = DemoRunC.h; sourceTree = "<group>"; };
		1FAA7D6A1859691F00A2065B /* DemoRunC.m */ = {isa = PBXFileReference; fileEncoding = 4; lastKnownFileType = sourcecode.c.objc; path = DemoRunC.m; sourceTree = "<group>"; };
		1FAA7D7A1859B00300A2065B /* AVQueryBasic.h */ = {isa = PBXFileReference; fileEncoding = 4; lastKnownFileType = sourcecode.c.h; path = AVQueryBasic.h; sourceTree = "<group>"; };
		1FAA7D7B1859B00300A2065B /* AVQueryBasic.m */ = {isa = PBXFileReference; fileEncoding = 4; lastKnownFileType = sourcecode.c.objc; path = AVQueryBasic.m; sourceTree = "<group>"; };
		1FAA7D7D1859BB5600A2065B /* AVFileBasic.h */ = {isa = PBXFileReference; fileEncoding = 4; lastKnownFileType = sourcecode.c.h; path = AVFileBasic.h; sourceTree = "<group>"; };
		1FAA7D7E1859BB5600A2065B /* AVFileBasic.m */ = {isa = PBXFileReference; fileEncoding = 4; lastKnownFileType = sourcecode.c.objc; path = AVFileBasic.m; sourceTree = "<group>"; };
		1FAA7D801859BC7500A2065B /* AVSubclassAdvanced.h */ = {isa = PBXFileReference; fileEncoding = 4; lastKnownFileType = sourcecode.c.h; path = AVSubclassAdvanced.h; sourceTree = "<group>"; };
		1FAA7D811859BC7500A2065B /* AVSubclassAdvanced.m */ = {isa = PBXFileReference; fileEncoding = 4; lastKnownFileType = sourcecode.c.objc; path = AVSubclassAdvanced.m; sourceTree = "<group>"; };
		2B81DBB2262E43A2A578442A /* libPods.a */ = {isa = PBXFileReference; explicitFileType = archive.ar; includeInIndex = 0; path = libPods.a; sourceTree = BUILT_PRODUCTS_DIR; };
		A12721EE2A814836B3219951 /* Pods.xcconfig */ = {isa = PBXFileReference; includeInIndex = 1; lastKnownFileType = text.xcconfig; name = Pods.xcconfig; path = Pods/Pods.xcconfig; sourceTree = "<group>"; };
/* End PBXFileReference section */

/* Begin PBXFrameworksBuildPhase section */
		1F3AF9AA1828C6DE003277B5 /* Frameworks */ = {
			isa = PBXFrameworksBuildPhase;
			buildActionMask = 2147483647;
			files = (
				1F3AF9B31828C6DE003277B5 /* CoreGraphics.framework in Frameworks */,
				1F3AF9B51828C6DE003277B5 /* UIKit.framework in Frameworks */,
				1F3AF9B11828C6DE003277B5 /* Foundation.framework in Frameworks */,
				2A48206ED88B46AE8F92ED82 /* libPods.a in Frameworks */,
			);
			runOnlyForDeploymentPostprocessing = 0;
		};
/* End PBXFrameworksBuildPhase section */

/* Begin PBXGroup section */
		1F1E0FB518585AD200E9097E /* OtherSource */ = {
			isa = PBXGroup;
			children = (
				1F1E0FB618585AD200E9097E /* main.m */,
				1F1E0FB818585B1000E9097E /* SourceViewController.h */,
				1F1E0FB918585B1000E9097E /* SourceViewController.m */,
				1FAA7D5418586FE800A2065B /* DemoListC.h */,
				1FAA7D5518586FE800A2065B /* DemoListC.m */,
				1FAA7D661859668D00A2065B /* Demo.h */,
				1FAA7D671859668D00A2065B /* Demo.m */,
				1FAA7D691859691F00A2065B /* DemoRunC.h */,
				1FAA7D6A1859691F00A2065B /* DemoRunC.m */,
				1F66B1FC185EA8870034AA65 /* AppDelegate.h */,
				1F66B1FD185EA8870034AA65 /* AppDelegate.m */,
			);
			path = OtherSource;
			sourceTree = "<group>";
		};
		1F3AF9A41828C6DE003277B5 = {
			isa = PBXGroup;
			children = (
				1F66B209185EF7BA0034AA65 /* README.md */,
				1F3AF9B61828C6DE003277B5 /* AVOSDemo */,
				1F1E0FB518585AD200E9097E /* OtherSource */,
				1F3AF9B71828C6DE003277B5 /* Supporting Files */,
				1F3AF9AF1828C6DE003277B5 /* Frameworks */,
				1F3AF9AE1828C6DE003277B5 /* Products */,
				A12721EE2A814836B3219951 /* Pods.xcconfig */,
			);
			sourceTree = "<group>";
		};
		1F3AF9AE1828C6DE003277B5 /* Products */ = {
			isa = PBXGroup;
			children = (
				1F3AF9AD1828C6DE003277B5 /* AVOSDemo.app */,
			);
			name = Products;
			sourceTree = "<group>";
		};
		1F3AF9AF1828C6DE003277B5 /* Frameworks */ = {
			isa = PBXGroup;
			children = (
				1F3AF9B01828C6DE003277B5 /* Foundation.framework */,
				1F3AF9B21828C6DE003277B5 /* CoreGraphics.framework */,
				1F3AF9B41828C6DE003277B5 /* UIKit.framework */,
				2B81DBB2262E43A2A578442A /* libPods.a */,
			);
			name = Frameworks;
			sourceTree = "<group>";
		};
		1F3AF9B61828C6DE003277B5 /* AVOSDemo */ = {
			isa = PBXGroup;
			children = (
				1FAA7D631859661B00A2065B /* AVObjectBasic.h */,
				1FAA7D641859661B00A2065B /* AVObjectBasic.m */,
				1FAA7D7A1859B00300A2065B /* AVQueryBasic.h */,
				1FAA7D7B1859B00300A2065B /* AVQueryBasic.m */,
				1FAA7D7D1859BB5600A2065B /* AVFileBasic.h */,
				1FAA7D7E1859BB5600A2065B /* AVFileBasic.m */,
				1FAA7D801859BC7500A2065B /* AVSubclassAdvanced.h */,
				1FAA7D811859BC7500A2065B /* AVSubclassAdvanced.m */,
				1F71866A18603F3700D7B79D /* AVUserBasic.h */,
				1F71866B18603F3700D7B79D /* AVUserBasic.m */,
			);
			path = AVOSDemo;
			sourceTree = "<group>";
		};
		1F3AF9B71828C6DE003277B5 /* Supporting Files */ = {
			isa = PBXGroup;
			children = (
				1F66B1FF185EA8B40034AA65 /* AVOSDemo-Info.plist */,
				1F66B200185EA8B40034AA65 /* cloud.png */,
				1F66B201185EA8B40034AA65 /* cloud@2x.png */,
				1F66B202185EA8B40034AA65 /* Images.xcassets */,
				1F66B203185EA8B40034AA65 /* Localizable.strings */,
				1F1E0FBB18585C0E00E9097E /* html */,
				1FAA7D571859551C00A2065B /* DemoConfig.plist */,
			);
			name = "Supporting Files";
			path = AVOSDemo;
			sourceTree = "<group>";
		};
/* End PBXGroup section */

/* Begin PBXNativeTarget section */
		1F3AF9AC1828C6DE003277B5 /* AVOSDemo */ = {
			isa = PBXNativeTarget;
			buildConfigurationList = 1F3AF9E21828C6DE003277B5 /* Build configuration list for PBXNativeTarget "AVOSDemo" */;
			buildPhases = (
				D20752B65D6C4271B7B972F4 /* Check Pods Manifest.lock */,
				1F3AF9A91828C6DE003277B5 /* Sources */,
				1F3AF9AA1828C6DE003277B5 /* Frameworks */,
				1F3AF9AB1828C6DE003277B5 /* Resources */,
				314BCEBE2D034995B975CEA1 /* Copy Pods Resources */,
				1FBD6BDA18584F7200339D17 /* Copy Source Code Files */,
			);
			buildRules = (
			);
			dependencies = (
			);
			name = AVOSDemo;
			productName = AVOSDemo;
			productReference = 1F3AF9AD1828C6DE003277B5 /* AVOSDemo.app */;
			productType = "com.apple.product-type.application";
		};
/* End PBXNativeTarget section */

/* Begin PBXProject section */
		1F3AF9A51828C6DE003277B5 /* Project object */ = {
			isa = PBXProject;
			attributes = {
				LastUpgradeCheck = 0500;
				ORGANIZATIONNAME = AVOS;
			};
			buildConfigurationList = 1F3AF9A81828C6DE003277B5 /* Build configuration list for PBXProject "AVOSDemo" */;
			compatibilityVersion = "Xcode 3.2";
			developmentRegion = English;
			hasScannedForEncodings = 0;
			knownRegions = (
				en,
				Base,
				"zh-Hans",
			);
			mainGroup = 1F3AF9A41828C6DE003277B5;
			productRefGroup = 1F3AF9AE1828C6DE003277B5 /* Products */;
			projectDirPath = "";
			projectRoot = "";
			targets = (
				1F3AF9AC1828C6DE003277B5 /* AVOSDemo */,
			);
		};
/* End PBXProject section */

/* Begin PBXResourcesBuildPhase section */
		1F3AF9AB1828C6DE003277B5 /* Resources */ = {
			isa = PBXResourcesBuildPhase;
			buildActionMask = 2147483647;
			files = (
				1F66B205185EA8B40034AA65 /* cloud.png in Resources */,
				1F66B208185EA8B40034AA65 /* Localizable.strings in Resources */,
				1F1E0FBC18585C0E00E9097E /* html in Resources */,
				1F66B207185EA8B40034AA65 /* Images.xcassets in Resources */,
				1F66B206185EA8B40034AA65 /* cloud@2x.png in Resources */,
				1FAA7D581859551C00A2065B /* DemoConfig.plist in Resources */,
			);
			runOnlyForDeploymentPostprocessing = 0;
		};
/* End PBXResourcesBuildPhase section */

/* Begin PBXShellScriptBuildPhase section */
		1FBD6BDA18584F7200339D17 /* Copy Source Code Files */ = {
			isa = PBXShellScriptBuildPhase;
			buildActionMask = 2147483647;
			files = (
			);
			inputPaths = (
			);
			name = "Copy Source Code Files";
			outputPaths = (
			);
			runOnlyForDeploymentPostprocessing = 0;
			shellPath = /bin/sh;
			shellScript = "#!/bin/sh\nset -e\n\nto_path=\"${CONFIGURATION_BUILD_DIR}/${UNLOCALIZED_RESOURCES_FOLDER_PATH}/SourceCode\"\n\n\nrm -rf \"${to_path}\"\nmkdir \"${to_path}\"\n\nrsync -arc ./AVOSDemo/*.m \"${to_path}\"\n                      \n\n";
		};
		314BCEBE2D034995B975CEA1 /* Copy Pods Resources */ = {
			isa = PBXShellScriptBuildPhase;
			buildActionMask = 2147483647;
			files = (
			);
			inputPaths = (
			);
			name = "Copy Pods Resources";
			outputPaths = (
			);
			runOnlyForDeploymentPostprocessing = 0;
			shellPath = /bin/sh;
			shellScript = "\"${SRCROOT}/Pods/Pods-resources.sh\"\n";
			showEnvVarsInLog = 0;
		};
		D20752B65D6C4271B7B972F4 /* Check Pods Manifest.lock */ = {
			isa = PBXShellScriptBuildPhase;
			buildActionMask = 2147483647;
			files = (
			);
			inputPaths = (
			);
			name = "Check Pods Manifest.lock";
			outputPaths = (
			);
			runOnlyForDeploymentPostprocessing = 0;
			shellPath = /bin/sh;
			shellScript = "diff \"${PODS_ROOT}/../Podfile.lock\" \"${PODS_ROOT}/Manifest.lock\" > /dev/null\nif [[ $? != 0 ]] ; then\n    cat << EOM\nerror: The sandbox is not in sync with the Podfile.lock. Run 'pod install' or update your CocoaPods installation.\nEOM\n    exit 1\nfi\n";
			showEnvVarsInLog = 0;
		};
/* End PBXShellScriptBuildPhase section */

/* Begin PBXSourcesBuildPhase section */
		1F3AF9A91828C6DE003277B5 /* Sources */ = {
			isa = PBXSourcesBuildPhase;
			buildActionMask = 2147483647;
			files = (
				1FAA7D821859BC7500A2065B /* AVSubclassAdvanced.m in Sources */,
				1FAA7D7C1859B00300A2065B /* AVQueryBasic.m in Sources */,
				1FAA7D7F1859BB5600A2065B /* AVFileBasic.m in Sources */,
				1F71866C18603F3700D7B79D /* AVUserBasic.m in Sources */,
				1FAA7D6B1859691F00A2065B /* DemoRunC.m in Sources */,
				1F66B1FE185EA8870034AA65 /* AppDelegate.m in Sources */,
				1F1E0FB718585AD200E9097E /* main.m in Sources */,
				1FAA7D5618586FE800A2065B /* DemoListC.m in Sources */,
				1FAA7D651859661B00A2065B /* AVObjectBasic.m in Sources */,
				1F1E0FBA18585B1000E9097E /* SourceViewController.m in Sources */,
				1FAA7D681859668D00A2065B /* Demo.m in Sources */,
			);
			runOnlyForDeploymentPostprocessing = 0;
		};
/* End PBXSourcesBuildPhase section */

/* Begin XCBuildConfiguration section */
		1F3AF9E01828C6DE003277B5 /* Debug */ = {
			isa = XCBuildConfiguration;
			buildSettings = {
				ALWAYS_SEARCH_USER_PATHS = NO;
				ARCHS = "$(ARCHS_STANDARD)";
				CLANG_CXX_LANGUAGE_STANDARD = "gnu++0x";
				CLANG_CXX_LIBRARY = "libc++";
				CLANG_ENABLE_MODULES = YES;
				CLANG_ENABLE_OBJC_ARC = YES;
				CLANG_WARN_BOOL_CONVERSION = YES;
				CLANG_WARN_CONSTANT_CONVERSION = YES;
				CLANG_WARN_DIRECT_OBJC_ISA_USAGE = YES_ERROR;
				CLANG_WARN_EMPTY_BODY = YES;
				CLANG_WARN_ENUM_CONVERSION = YES;
				CLANG_WARN_INT_CONVERSION = YES;
				CLANG_WARN_OBJC_ROOT_CLASS = YES_ERROR;
				CLANG_WARN__DUPLICATE_METHOD_MATCH = YES;
				"CODE_SIGN_IDENTITY[sdk=iphoneos*]" = "iPhone Developer";
				COPY_PHASE_STRIP = NO;
				GCC_C_LANGUAGE_STANDARD = gnu99;
				GCC_DYNAMIC_NO_PIC = NO;
				GCC_OPTIMIZATION_LEVEL = 0;
				GCC_PREPROCESSOR_DEFINITIONS = (
					"DEBUG=1",
					"$(inherited)",
				);
				GCC_SYMBOLS_PRIVATE_EXTERN = NO;
				GCC_WARN_64_TO_32_BIT_CONVERSION = YES;
				GCC_WARN_ABOUT_RETURN_TYPE = YES_ERROR;
				GCC_WARN_UNDECLARED_SELECTOR = YES;
				GCC_WARN_UNINITIALIZED_AUTOS = YES;
				GCC_WARN_UNUSED_FUNCTION = YES;
				GCC_WARN_UNUSED_VARIABLE = YES;
				IPHONEOS_DEPLOYMENT_TARGET = 5.0;
				ONLY_ACTIVE_ARCH = YES;
				SDKROOT = iphoneos;
			};
			name = Debug;
		};
		1F3AF9E11828C6DE003277B5 /* Release */ = {
			isa = XCBuildConfiguration;
			buildSettings = {
				ALWAYS_SEARCH_USER_PATHS = NO;
				ARCHS = "$(ARCHS_STANDARD)";
				CLANG_CXX_LANGUAGE_STANDARD = "gnu++0x";
				CLANG_CXX_LIBRARY = "libc++";
				CLANG_ENABLE_MODULES = YES;
				CLANG_ENABLE_OBJC_ARC = YES;
				CLANG_WARN_BOOL_CONVERSION = YES;
				CLANG_WARN_CONSTANT_CONVERSION = YES;
				CLANG_WARN_DIRECT_OBJC_ISA_USAGE = YES_ERROR;
				CLANG_WARN_EMPTY_BODY = YES;
				CLANG_WARN_ENUM_CONVERSION = YES;
				CLANG_WARN_INT_CONVERSION = YES;
				CLANG_WARN_OBJC_ROOT_CLASS = YES_ERROR;
				CLANG_WARN__DUPLICATE_METHOD_MATCH = YES;
				"CODE_SIGN_IDENTITY[sdk=iphoneos*]" = "iPhone Developer";
				COPY_PHASE_STRIP = YES;
				ENABLE_NS_ASSERTIONS = NO;
				GCC_C_LANGUAGE_STANDARD = gnu99;
				GCC_WARN_64_TO_32_BIT_CONVERSION = YES;
				GCC_WARN_ABOUT_RETURN_TYPE = YES_ERROR;
				GCC_WARN_UNDECLARED_SELECTOR = YES;
				GCC_WARN_UNINITIALIZED_AUTOS = YES;
				GCC_WARN_UNUSED_FUNCTION = YES;
				GCC_WARN_UNUSED_VARIABLE = YES;
				IPHONEOS_DEPLOYMENT_TARGET = 5.0;
				SDKROOT = iphoneos;
				VALIDATE_PRODUCT = YES;
			};
			name = Release;
		};
		1F3AF9E31828C6DE003277B5 /* Debug */ = {
			isa = XCBuildConfiguration;
			baseConfigurationReference = A12721EE2A814836B3219951 /* Pods.xcconfig */;
			buildSettings = {
				ARCHS = "$(ARCHS_STANDARD)";
				ASSETCATALOG_COMPILER_APPICON_NAME = AppIcon;
				ASSETCATALOG_COMPILER_LAUNCHIMAGE_NAME = LaunchImage;
				CURRENT_PROJECT_VERSION = 1;
				DEBUG_INFORMATION_FORMAT = "dwarf-with-dsym";
				GCC_PRECOMPILE_PREFIX_HEADER = YES;
				GCC_PREFIX_HEADER = "OtherSource/AVOSDemo-Prefix.pch";
				INFOPLIST_FILE = "OtherSource/AVOSDemo-Info.plist";
				IPHONEOS_DEPLOYMENT_TARGET = 5.0;
				PRODUCT_NAME = "$(TARGET_NAME)";
				TARGETED_DEVICE_FAMILY = "1,2";
				VERSIONING_SYSTEM = "apple-generic";
				WRAPPER_EXTENSION = app;
			};
			name = Debug;
		};
		1F3AF9E41828C6DE003277B5 /* Release */ = {
			isa = XCBuildConfiguration;
			baseConfigurationReference = A12721EE2A814836B3219951 /* Pods.xcconfig */;
			buildSettings = {
				ARCHS = "$(ARCHS_STANDARD)";
				ASSETCATALOG_COMPILER_APPICON_NAME = AppIcon;
				ASSETCATALOG_COMPILER_LAUNCHIMAGE_NAME = LaunchImage;
				CURRENT_PROJECT_VERSION = 1;
				DEBUG_INFORMATION_FORMAT = "dwarf-with-dsym";
				GCC_PRECOMPILE_PREFIX_HEADER = YES;
				GCC_PREFIX_HEADER = "OtherSource/AVOSDemo-Prefix.pch";
				INFOPLIST_FILE = "OtherSource/AVOSDemo-Info.plist";
				IPHONEOS_DEPLOYMENT_TARGET = 5.0;
				PRODUCT_NAME = "$(TARGET_NAME)";
				TARGETED_DEVICE_FAMILY = "1,2";
				VERSIONING_SYSTEM = "apple-generic";
				WRAPPER_EXTENSION = app;
			};
			name = Release;
		};
/* End XCBuildConfiguration section */

/* Begin XCConfigurationList section */
		1F3AF9A81828C6DE003277B5 /* Build configuration list for PBXProject "AVOSDemo" */ = {
			isa = XCConfigurationList;
			buildConfigurations = (
				1F3AF9E01828C6DE003277B5 /* Debug */,
				1F3AF9E11828C6DE003277B5 /* Release */,
			);
			defaultConfigurationIsVisible = 0;
			defaultConfigurationName = Release;
		};
		1F3AF9E21828C6DE003277B5 /* Build configuration list for PBXNativeTarget "AVOSDemo" */ = {
			isa = XCConfigurationList;
			buildConfigurations = (
				1F3AF9E31828C6DE003277B5 /* Debug */,
				1F3AF9E41828C6DE003277B5 /* Release */,
			);
			defaultConfigurationIsVisible = 0;
			defaultConfigurationName = Release;
		};
/* End XCConfigurationList section */
	};
	rootObject = 1F3AF9A51828C6DE003277B5 /* Project object */;
}
