// !$*UTF8*$!
{
	archiveVersion = 1;
	classes = {
	};
	objectVersion = 46;
	objects = {

/* Begin PBXBuildFile section */
		56E7C5DD190AB5E500DC0252 /* Foundation.framework in Frameworks */ = {isa = PBXBuildFile; fileRef = 56E7C5DC190AB5E500DC0252 /* Foundation.framework */; };
		56E7C5DF190AB5E500DC0252 /* CoreGraphics.framework in Frameworks */ = {isa = PBXBuildFile; fileRef = 56E7C5DE190AB5E500DC0252 /* CoreGraphics.framework */; };
		56E7C5E1190AB5E500DC0252 /* UIKit.framework in Frameworks */ = {isa = PBXBuildFile; fileRef = 56E7C5E0190AB5E500DC0252 /* UIKit.framework */; };
		56E7C5E7190AB5E500DC0252 /* InfoPlist.strings in Resources */ = {isa = PBXBuildFile; fileRef = 56E7C5E5190AB5E500DC0252 /* InfoPlist.strings */; };
		56E7C5E9190AB5E500DC0252 /* main.m in Sources */ = {isa = PBXBuildFile; fileRef = 56E7C5E8190AB5E500DC0252 /* main.m */; };
		56E7C5ED190AB5E500DC0252 /* AppDelegate.m in Sources */ = {isa = PBXBuildFile; fileRef = 56E7C5EC190AB5E500DC0252 /* AppDelegate.m */; };
		56E7C5F0190AB5E500DC0252 /* Main_iPhone.storyboard in Resources */ = {isa = PBXBuildFile; fileRef = 56E7C5EE190AB5E500DC0252 /* Main_iPhone.storyboard */; };
		56E7C5F3190AB5E500DC0252 /* Main_iPad.storyboard in Resources */ = {isa = PBXBuildFile; fileRef = 56E7C5F1190AB5E500DC0252 /* Main_iPad.storyboard */; };
		56E7C5F6190AB5E500DC0252 /* ViewController.m in Sources */ = {isa = PBXBuildFile; fileRef = 56E7C5F5190AB5E500DC0252 /* ViewController.m */; };
		56E7C5F8190AB5E500DC0252 /* Images.xcassets in Resources */ = {isa = PBXBuildFile; fileRef = 56E7C5F7190AB5E500DC0252 /* Images.xcassets */; };
		56E7C5FF190AB5E500DC0252 /* XCTest.framework in Frameworks */ = {isa = PBXBuildFile; fileRef = 56E7C5FE190AB5E500DC0252 /* XCTest.framework */; };
		56E7C600190AB5E500DC0252 /* Foundation.framework in Frameworks */ = {isa = PBXBuildFile; fileRef = 56E7C5DC190AB5E500DC0252 /* Foundation.framework */; };
		56E7C601190AB5E500DC0252 /* UIKit.framework in Frameworks */ = {isa = PBXBuildFile; fileRef = 56E7C5E0190AB5E500DC0252 /* UIKit.framework */; };
		56E7C609190AB5E500DC0252 /* InfoPlist.strings in Resources */ = {isa = PBXBuildFile; fileRef = 56E7C607190AB5E500DC0252 /* InfoPlist.strings */; };
		56E7C60B190AB5E500DC0252 /* FeedbackDemoTests.m in Sources */ = {isa = PBXBuildFile; fileRef = 56E7C60A190AB5E500DC0252 /* FeedbackDemoTests.m */; };
		56E7C619190AB82300DC0252 /* SystemConfiguration.framework in Frameworks */ = {isa = PBXBuildFile; fileRef = 56E7C618190AB82300DC0252 /* SystemConfiguration.framework */; };
		56E7C61B190AB83700DC0252 /* MobileCoreServices.framework in Frameworks */ = {isa = PBXBuildFile; fileRef = 56E7C61A190AB83700DC0252 /* MobileCoreServices.framework */; };
		56E7C61D190AB84000DC0252 /* CoreTelephony.framework in Frameworks */ = {isa = PBXBuildFile; fileRef = 56E7C61C190AB84000DC0252 /* CoreTelephony.framework */; };
		56E7C61F190AB84C00DC0252 /* CoreLocation.framework in Frameworks */ = {isa = PBXBuildFile; fileRef = 56E7C61E190AB84C00DC0252 /* CoreLocation.framework */; };
/* End PBXBuildFile section */

/* Begin PBXContainerItemProxy section */
		56E7C602190AB5E500DC0252 /* PBXContainerItemProxy */ = {
			isa = PBXContainerItemProxy;
			containerPortal = 56E7C5D1190AB5E500DC0252 /* Project object */;
			proxyType = 1;
			remoteGlobalIDString = 56E7C5D8190AB5E500DC0252;
			remoteInfo = FeedbackDemo;
		};
/* End PBXContainerItemProxy section */

/* Begin PBXFileReference section */
		56E7C5D9190AB5E500DC0252 /* FeedbackDemo.app */ = {isa = PBXFileReference; explicitFileType = wrapper.application; includeInIndex = 0; path = FeedbackDemo.app; sourceTree = BUILT_PRODUCTS_DIR; };
		56E7C5DC190AB5E500DC0252 /* Foundation.framework */ = {isa = PBXFileReference; lastKnownFileType = wrapper.framework; name = Foundation.framework; path = System/Library/Frameworks/Foundation.framework; sourceTree = SDKROOT; };
		56E7C5DE190AB5E500DC0252 /* CoreGraphics.framework */ = {isa = PBXFileReference; lastKnownFileType = wrapper.framework; name = CoreGraphics.framework; path = System/Library/Frameworks/CoreGraphics.framework; sourceTree = SDKROOT; };
		56E7C5E0190AB5E500DC0252 /* UIKit.framework */ = {isa = PBXFileReference; lastKnownFileType = wrapper.framework; name = UIKit.framework; path = System/Library/Frameworks/UIKit.framework; sourceTree = SDKROOT; };
		56E7C5E4190AB5E500DC0252 /* FeedbackDemo-Info.plist */ = {isa = PBXFileReference; lastKnownFileType = text.plist.xml; path = "FeedbackDemo-Info.plist"; sourceTree = "<group>"; };
		56E7C5E6190AB5E500DC0252 /* en */ = {isa = PBXFileReference; lastKnownFileType = text.plist.strings; name = en; path = en.lproj/InfoPlist.strings; sourceTree = "<group>"; };
		56E7C5E8190AB5E500DC0252 /* main.m */ = {isa = PBXFileReference; lastKnownFileType = sourcecode.c.objc; path = main.m; sourceTree = "<group>"; };
		56E7C5EA190AB5E500DC0252 /* FeedbackDemo-Prefix.pch */ = {isa = PBXFileReference; lastKnownFileType = sourcecode.c.h; path = "FeedbackDemo-Prefix.pch"; sourceTree = "<group>"; };
		56E7C5EB190AB5E500DC0252 /* AppDelegate.h */ = {isa = PBXFileReference; lastKnownFileType = sourcecode.c.h; path = AppDelegate.h; sourceTree = "<group>"; };
		56E7C5EC190AB5E500DC0252 /* AppDelegate.m */ = {isa = PBXFileReference; lastKnownFileType = sourcecode.c.objc; path = AppDelegate.m; sourceTree = "<group>"; };
		56E7C5EF190AB5E500DC0252 /* Base */ = {isa = PBXFileReference; lastKnownFileType = file.storyboard; name = Base; path = Base.lproj/Main_iPhone.storyboard; sourceTree = "<group>"; };
		56E7C5F2190AB5E500DC0252 /* Base */ = {isa = PBXFileReference; lastKnownFileType = file.storyboard; name = Base; path = Base.lproj/Main_iPad.storyboard; sourceTree = "<group>"; };
		56E7C5F4190AB5E500DC0252 /* ViewController.h */ = {isa = PBXFileReference; lastKnownFileType = sourcecode.c.h; path = ViewController.h; sourceTree = "<group>"; };
		56E7C5F5190AB5E500DC0252 /* ViewController.m */ = {isa = PBXFileReference; lastKnownFileType = sourcecode.c.objc; path = ViewController.m; sourceTree = "<group>"; };
		56E7C5F7190AB5E500DC0252 /* Images.xcassets */ = {isa = PBXFileReference; lastKnownFileType = folder.assetcatalog; path = Images.xcassets; sourceTree = "<group>"; };
		56E7C5FD190AB5E500DC0252 /* FeedbackDemoTests.xctest */ = {isa = PBXFileReference; explicitFileType = wrapper.cfbundle; includeInIndex = 0; path = FeedbackDemoTests.xctest; sourceTree = BUILT_PRODUCTS_DIR; };
		56E7C5FE190AB5E500DC0252 /* XCTest.framework */ = {isa = PBXFileReference; lastKnownFileType = wrapper.framework; name = XCTest.framework; path = Library/Frameworks/XCTest.framework; sourceTree = DEVELOPER_DIR; };
		56E7C606190AB5E500DC0252 /* FeedbackDemoTests-Info.plist */ = {isa = PBXFileReference; lastKnownFileType = text.plist.xml; path = "FeedbackDemoTests-Info.plist"; sourceTree = "<group>"; };
		56E7C608190AB5E500DC0252 /* en */ = {isa = PBXFileReference; lastKnownFileType = text.plist.strings; name = en; path = en.lproj/InfoPlist.strings; sourceTree = "<group>"; };
		56E7C60A190AB5E500DC0252 /* FeedbackDemoTests.m */ = {isa = PBXFileReference; lastKnownFileType = sourcecode.c.objc; path = FeedbackDemoTests.m; sourceTree = "<group>"; };
		56E7C618190AB82300DC0252 /* SystemConfiguration.framework */ = {isa = PBXFileReference; lastKnownFileType = wrapper.framework; name = SystemConfiguration.framework; path = System/Library/Frameworks/SystemConfiguration.framework; sourceTree = SDKROOT; };
		56E7C61A190AB83700DC0252 /* MobileCoreServices.framework */ = {isa = PBXFileReference; lastKnownFileType = wrapper.framework; name = MobileCoreServices.framework; path = System/Library/Frameworks/MobileCoreServices.framework; sourceTree = SDKROOT; };
		56E7C61C190AB84000DC0252 /* CoreTelephony.framework */ = {isa = PBXFileReference; lastKnownFileType = wrapper.framework; name = CoreTelephony.framework; path = System/Library/Frameworks/CoreTelephony.framework; sourceTree = SDKROOT; };
		56E7C61E190AB84C00DC0252 /* CoreLocation.framework */ = {isa = PBXFileReference; lastKnownFileType = wrapper.framework; name = CoreLocation.framework; path = System/Library/Frameworks/CoreLocation.framework; sourceTree = SDKROOT; };
/* End PBXFileReference section */

/* Begin PBXFrameworksBuildPhase section */
		56E7C5D6190AB5E500DC0252 /* Frameworks */ = {
			isa = PBXFrameworksBuildPhase;
			buildActionMask = 2147483647;
			files = (
				56E7C61F190AB84C00DC0252 /* CoreLocation.framework in Frameworks */,
				56E7C61D190AB84000DC0252 /* CoreTelephony.framework in Frameworks */,
				56E7C61B190AB83700DC0252 /* MobileCoreServices.framework in Frameworks */,
				56E7C619190AB82300DC0252 /* SystemConfiguration.framework in Frameworks */,
				56E7C5DF190AB5E500DC0252 /* CoreGraphics.framework in Frameworks */,
				56E7C5E1190AB5E500DC0252 /* UIKit.framework in Frameworks */,
				56E7C5DD190AB5E500DC0252 /* Foundation.framework in Frameworks */,
			);
			runOnlyForDeploymentPostprocessing = 0;
		};
		56E7C5FA190AB5E500DC0252 /* Frameworks */ = {
			isa = PBXFrameworksBuildPhase;
			buildActionMask = 2147483647;
			files = (
				56E7C5FF190AB5E500DC0252 /* XCTest.framework in Frameworks */,
				56E7C601190AB5E500DC0252 /* UIKit.framework in Frameworks */,
				56E7C600190AB5E500DC0252 /* Foundation.framework in Frameworks */,
			);
			runOnlyForDeploymentPostprocessing = 0;
		};
/* End PBXFrameworksBuildPhase section */

/* Begin PBXGroup section */
		56E7C5D0190AB5E500DC0252 = {
			isa = PBXGroup;
			children = (
				56E7C5E2190AB5E500DC0252 /* FeedbackDemo */,
				56E7C604190AB5E500DC0252 /* FeedbackDemoTests */,
				56E7C5DB190AB5E500DC0252 /* Frameworks */,
				56E7C5DA190AB5E500DC0252 /* Products */,
			);
			sourceTree = "<group>";
		};
		56E7C5DA190AB5E500DC0252 /* Products */ = {
			isa = PBXGroup;
			children = (
				56E7C5D9190AB5E500DC0252 /* FeedbackDemo.app */,
				56E7C5FD190AB5E500DC0252 /* FeedbackDemoTests.xctest */,
			);
			name = Products;
			sourceTree = "<group>";
		};
		56E7C5DB190AB5E500DC0252 /* Frameworks */ = {
			isa = PBXGroup;
			children = (
				56E7C61E190AB84C00DC0252 /* CoreLocation.framework */,
				56E7C61C190AB84000DC0252 /* CoreTelephony.framework */,
				56E7C61A190AB83700DC0252 /* MobileCoreServices.framework */,
				56E7C618190AB82300DC0252 /* SystemConfiguration.framework */,
				56E7C5DC190AB5E500DC0252 /* Foundation.framework */,
				56E7C5DE190AB5E500DC0252 /* CoreGraphics.framework */,
				56E7C5E0190AB5E500DC0252 /* UIKit.framework */,
				56E7C5FE190AB5E500DC0252 /* XCTest.framework */,
			);
			name = Frameworks;
			sourceTree = "<group>";
		};
		56E7C5E2190AB5E500DC0252 /* FeedbackDemo */ = {
			isa = PBXGroup;
			children = (
				56E7C5EB190AB5E500DC0252 /* AppDelegate.h */,
				56E7C5EC190AB5E500DC0252 /* AppDelegate.m */,
				56E7C5EE190AB5E500DC0252 /* Main_iPhone.storyboard */,
				56E7C5F1190AB5E500DC0252 /* Main_iPad.storyboard */,
				56E7C5F4190AB5E500DC0252 /* ViewController.h */,
				56E7C5F5190AB5E500DC0252 /* ViewController.m */,
				56E7C5F7190AB5E500DC0252 /* Images.xcassets */,
				56E7C5E3190AB5E500DC0252 /* Supporting Files */,
			);
			path = FeedbackDemo;
			sourceTree = "<group>";
		};
		56E7C5E3190AB5E500DC0252 /* Supporting Files */ = {
			isa = PBXGroup;
			children = (
				56E7C5E4190AB5E500DC0252 /* FeedbackDemo-Info.plist */,
				56E7C5E5190AB5E500DC0252 /* InfoPlist.strings */,
				56E7C5E8190AB5E500DC0252 /* main.m */,
				56E7C5EA190AB5E500DC0252 /* FeedbackDemo-Prefix.pch */,
			);
			name = "Supporting Files";
			sourceTree = "<group>";
		};
		56E7C604190AB5E500DC0252 /* FeedbackDemoTests */ = {
			isa = PBXGroup;
			children = (
				56E7C60A190AB5E500DC0252 /* FeedbackDemoTests.m */,
				56E7C605190AB5E500DC0252 /* Supporting Files */,
			);
			path = FeedbackDemoTests;
			sourceTree = "<group>";
		};
		56E7C605190AB5E500DC0252 /* Supporting Files */ = {
			isa = PBXGroup;
			children = (
				56E7C606190AB5E500DC0252 /* FeedbackDemoTests-Info.plist */,
				56E7C607190AB5E500DC0252 /* InfoPlist.strings */,
			);
			name = "Supporting Files";
			sourceTree = "<group>";
		};
/* End PBXGroup section */

/* Begin PBXNativeTarget section */
		56E7C5D8190AB5E500DC0252 /* FeedbackDemo */ = {
			isa = PBXNativeTarget;
			buildConfigurationList = 56E7C60E190AB5E500DC0252 /* Build configuration list for PBXNativeTarget "FeedbackDemo" */;
			buildPhases = (
				56E7C5D5190AB5E500DC0252 /* Sources */,
				56E7C5D6190AB5E500DC0252 /* Frameworks */,
				56E7C5D7190AB5E500DC0252 /* Resources */,
			);
			buildRules = (
			);
			dependencies = (
			);
			name = FeedbackDemo;
			productName = FeedbackDemo;
			productReference = 56E7C5D9190AB5E500DC0252 /* FeedbackDemo.app */;
			productType = "com.apple.product-type.application";
		};
		56E7C5FC190AB5E500DC0252 /* FeedbackDemoTests */ = {
			isa = PBXNativeTarget;
			buildConfigurationList = 56E7C611190AB5E500DC0252 /* Build configuration list for PBXNativeTarget "FeedbackDemoTests" */;
			buildPhases = (
				56E7C5F9190AB5E500DC0252 /* Sources */,
				56E7C5FA190AB5E500DC0252 /* Frameworks */,
				56E7C5FB190AB5E500DC0252 /* Resources */,
			);
			buildRules = (
			);
			dependencies = (
				56E7C603190AB5E500DC0252 /* PBXTargetDependency */,
			);
			name = FeedbackDemoTests;
			productName = FeedbackDemoTests;
			productReference = 56E7C5FD190AB5E500DC0252 /* FeedbackDemoTests.xctest */;
			productType = "com.apple.product-type.bundle.unit-test";
		};
/* End PBXNativeTarget section */

/* Begin PBXProject section */
		56E7C5D1190AB5E500DC0252 /* Project object */ = {
			isa = PBXProject;
			attributes = {
				LastUpgradeCheck = 0510;
				ORGANIZATIONNAME = avoscloud;
				TargetAttributes = {
					56E7C5FC190AB5E500DC0252 = {
						TestTargetID = 56E7C5D8190AB5E500DC0252;
					};
				};
			};
			buildConfigurationList = 56E7C5D4190AB5E500DC0252 /* Build configuration list for PBXProject "FeedbackDemo" */;
			compatibilityVersion = "Xcode 3.2";
			developmentRegion = English;
			hasScannedForEncodings = 0;
			knownRegions = (
				en,
				Base,
			);
			mainGroup = 56E7C5D0190AB5E500DC0252;
			productRefGroup = 56E7C5DA190AB5E500DC0252 /* Products */;
			projectDirPath = "";
			projectRoot = "";
			targets = (
				56E7C5D8190AB5E500DC0252 /* FeedbackDemo */,
				56E7C5FC190AB5E500DC0252 /* FeedbackDemoTests */,
			);
		};
/* End PBXProject section */

/* Begin PBXResourcesBuildPhase section */
		56E7C5D7190AB5E500DC0252 /* Resources */ = {
			isa = PBXResourcesBuildPhase;
			buildActionMask = 2147483647;
			files = (
				56E7C5F3190AB5E500DC0252 /* Main_iPad.storyboard in Resources */,
				56E7C5F8190AB5E500DC0252 /* Images.xcassets in Resources */,
				56E7C5F0190AB5E500DC0252 /* Main_iPhone.storyboard in Resources */,
				56E7C5E7190AB5E500DC0252 /* InfoPlist.strings in Resources */,
			);
			runOnlyForDeploymentPostprocessing = 0;
		};
		56E7C5FB190AB5E500DC0252 /* Resources */ = {
			isa = PBXResourcesBuildPhase;
			buildActionMask = 2147483647;
			files = (
				56E7C609190AB5E500DC0252 /* InfoPlist.strings in Resources */,
			);
			runOnlyForDeploymentPostprocessing = 0;
		};
/* End PBXResourcesBuildPhase section */

/* Begin PBXSourcesBuildPhase section */
		56E7C5D5190AB5E500DC0252 /* Sources */ = {
			isa = PBXSourcesBuildPhase;
			buildActionMask = 2147483647;
			files = (
				56E7C5F6190AB5E500DC0252 /* ViewController.m in Sources */,
				56E7C5ED190AB5E500DC0252 /* AppDelegate.m in Sources */,
				56E7C5E9190AB5E500DC0252 /* main.m in Sources */,
			);
			runOnlyForDeploymentPostprocessing = 0;
		};
		56E7C5F9190AB5E500DC0252 /* Sources */ = {
			isa = PBXSourcesBuildPhase;
			buildActionMask = 2147483647;
			files = (
				56E7C60B190AB5E500DC0252 /* FeedbackDemoTests.m in Sources */,
			);
			runOnlyForDeploymentPostprocessing = 0;
		};
/* End PBXSourcesBuildPhase section */

/* Begin PBXTargetDependency section */
		56E7C603190AB5E500DC0252 /* PBXTargetDependency */ = {
			isa = PBXTargetDependency;
			target = 56E7C5D8190AB5E500DC0252 /* FeedbackDemo */;
			targetProxy = 56E7C602190AB5E500DC0252 /* PBXContainerItemProxy */;
		};
/* End PBXTargetDependency section */

/* Begin PBXVariantGroup section */
		56E7C5E5190AB5E500DC0252 /* InfoPlist.strings */ = {
			isa = PBXVariantGroup;
			children = (
				56E7C5E6190AB5E500DC0252 /* en */,
			);
			name = InfoPlist.strings;
			sourceTree = "<group>";
		};
		56E7C5EE190AB5E500DC0252 /* Main_iPhone.storyboard */ = {
			isa = PBXVariantGroup;
			children = (
				56E7C5EF190AB5E500DC0252 /* Base */,
			);
			name = Main_iPhone.storyboard;
			sourceTree = "<group>";
		};
		56E7C5F1190AB5E500DC0252 /* Main_iPad.storyboard */ = {
			isa = PBXVariantGroup;
			children = (
				56E7C5F2190AB5E500DC0252 /* Base */,
			);
			name = Main_iPad.storyboard;
			sourceTree = "<group>";
		};
		56E7C607190AB5E500DC0252 /* InfoPlist.strings */ = {
			isa = PBXVariantGroup;
			children = (
				56E7C608190AB5E500DC0252 /* en */,
			);
			name = InfoPlist.strings;
			sourceTree = "<group>";
		};
/* End PBXVariantGroup section */

/* Begin XCBuildConfiguration section */
		56E7C60C190AB5E500DC0252 /* Debug */ = {
			isa = XCBuildConfiguration;
			buildSettings = {
				ALWAYS_SEARCH_USER_PATHS = NO;
				CLANG_CXX_LANGUAGE_STANDARD = "gnu++0x";
				CLANG_CXX_LIBRARY = "libc++";
				CLANG_ENABLE_MODULES = YES;
				CLANG_ENABLE_OBJC_ARC = YES;
				CLANG_WARN_BOOL_CONVERSION = YES;
				CLANG_WARN_CONSTANT_CONVERSION = YES;
				CLANG_WARN_DIRECT_OBJC_ISA_USAGE = YES_ERROR;
				CLANG_WARN_EMPTY_BODY = YES;
				CLANG_WARN_ENUM_CONVERSION = YES;
				CLANG_WARN_INT_CONVERSION = YES;
				CLANG_WARN_OBJC_ROOT_CLASS = YES_ERROR;
				CLANG_WARN__DUPLICATE_METHOD_MATCH = YES;
				"CODE_SIGN_IDENTITY[sdk=iphoneos*]" = "iPhone Developer";
				COPY_PHASE_STRIP = NO;
				GCC_C_LANGUAGE_STANDARD = gnu99;
				GCC_DYNAMIC_NO_PIC = NO;
				GCC_OPTIMIZATION_LEVEL = 0;
				GCC_PREPROCESSOR_DEFINITIONS = (
					"DEBUG=1",
					"$(inherited)",
				);
				GCC_SYMBOLS_PRIVATE_EXTERN = NO;
				GCC_WARN_64_TO_32_BIT_CONVERSION = YES;
				GCC_WARN_ABOUT_RETURN_TYPE = YES_ERROR;
				GCC_WARN_UNDECLARED_SELECTOR = YES;
				GCC_WARN_UNINITIALIZED_AUTOS = YES_AGGRESSIVE;
				GCC_WARN_UNUSED_FUNCTION = YES;
				GCC_WARN_UNUSED_VARIABLE = YES;
				IPHONEOS_DEPLOYMENT_TARGET = 7.1;
				ONLY_ACTIVE_ARCH = YES;
				SDKROOT = iphoneos;
				TARGETED_DEVICE_FAMILY = "1,2";
			};
			name = Debug;
		};
		56E7C60D190AB5E500DC0252 /* Release */ = {
			isa = XCBuildConfiguration;
			buildSettings = {
				ALWAYS_SEARCH_USER_PATHS = NO;
				CLANG_CXX_LANGUAGE_STANDARD = "gnu++0x";
				CLANG_CXX_LIBRARY = "libc++";
				CLANG_ENABLE_MODULES = YES;
				CLANG_ENABLE_OBJC_ARC = YES;
				CLANG_WARN_BOOL_CONVERSION = YES;
				CLANG_WARN_CONSTANT_CONVERSION = YES;
				CLANG_WARN_DIRECT_OBJC_ISA_USAGE = YES_ERROR;
				CLANG_WARN_EMPTY_BODY = YES;
				CLANG_WARN_ENUM_CONVERSION = YES;
				CLANG_WARN_INT_CONVERSION = YES;
				CLANG_WARN_OBJC_ROOT_CLASS = YES_ERROR;
				CLANG_WARN__DUPLICATE_METHOD_MATCH = YES;
				"CODE_SIGN_IDENTITY[sdk=iphoneos*]" = "iPhone Developer";
				COPY_PHASE_STRIP = YES;
				ENABLE_NS_ASSERTIONS = NO;
				GCC_C_LANGUAGE_STANDARD = gnu99;
				GCC_WARN_64_TO_32_BIT_CONVERSION = YES;
				GCC_WARN_ABOUT_RETURN_TYPE = YES_ERROR;
				GCC_WARN_UNDECLARED_SELECTOR = YES;
				GCC_WARN_UNINITIALIZED_AUTOS = YES_AGGRESSIVE;
				GCC_WARN_UNUSED_FUNCTION = YES;
				GCC_WARN_UNUSED_VARIABLE = YES;
				IPHONEOS_DEPLOYMENT_TARGET = 7.1;
				SDKROOT = iphoneos;
				TARGETED_DEVICE_FAMILY = "1,2";
				VALIDATE_PRODUCT = YES;
			};
			name = Release;
		};
		56E7C60F190AB5E500DC0252 /* Debug */ = {
			isa = XCBuildConfiguration;
			buildSettings = {
				ASSETCATALOG_COMPILER_APPICON_NAME = AppIcon;
				ASSETCATALOG_COMPILER_LAUNCHIMAGE_NAME = LaunchImage;
				FRAMEWORK_SEARCH_PATHS = (
					"$(inherited)",
					"$(PROJECT_DIR)",
				);
				GCC_PRECOMPILE_PREFIX_HEADER = YES;
				GCC_PREFIX_HEADER = "FeedbackDemo/FeedbackDemo-Prefix.pch";
				INFOPLIST_FILE = "FeedbackDemo/FeedbackDemo-Info.plist";
				PRODUCT_NAME = "$(TARGET_NAME)";
				WRAPPER_EXTENSION = app;
			};
			name = Debug;
		};
		56E7C610190AB5E500DC0252 /* Release */ = {
			isa = XCBuildConfiguration;
			buildSettings = {
				ASSETCATALOG_COMPILER_APPICON_NAME = AppIcon;
				ASSETCATALOG_COMPILER_LAUNCHIMAGE_NAME = LaunchImage;
				FRAMEWORK_SEARCH_PATHS = (
					"$(inherited)",
					"$(PROJECT_DIR)",
				);
				GCC_PRECOMPILE_PREFIX_HEADER = YES;
				GCC_PREFIX_HEADER = "FeedbackDemo/FeedbackDemo-Prefix.pch";
				INFOPLIST_FILE = "FeedbackDemo/FeedbackDemo-Info.plist";
				PRODUCT_NAME = "$(TARGET_NAME)";
				WRAPPER_EXTENSION = app;
			};
			name = Release;
		};
		56E7C612190AB5E500DC0252 /* Debug */ = {
			isa = XCBuildConfiguration;
			buildSettings = {
				BUNDLE_LOADER = "$(BUILT_PRODUCTS_DIR)/FeedbackDemo.app/FeedbackDemo";
				FRAMEWORK_SEARCH_PATHS = (
					"$(SDKROOT)/Developer/Library/Frameworks",
					"$(inherited)",
					"$(DEVELOPER_FRAMEWORKS_DIR)",
				);
				GCC_PRECOMPILE_PREFIX_HEADER = YES;
				GCC_PREFIX_HEADER = "FeedbackDemo/FeedbackDemo-Prefix.pch";
				GCC_PREPROCESSOR_DEFINITIONS = (
					"DEBUG=1",
					"$(inherited)",
				);
				INFOPLIST_FILE = "FeedbackDemoTests/FeedbackDemoTests-Info.plist";
				PRODUCT_NAME = "$(TARGET_NAME)";
				TEST_HOST = "$(BUNDLE_LOADER)";
				WRAPPER_EXTENSION = xctest;
			};
			name = Debug;
		};
		56E7C613190AB5E500DC0252 /* Release */ = {
			isa = XCBuildConfiguration;
			buildSettings = {
				BUNDLE_LOADER = "$(BUILT_PRODUCTS_DIR)/FeedbackDemo.app/FeedbackDemo";
				FRAMEWORK_SEARCH_PATHS = (
					"$(SDKROOT)/Developer/Library/Frameworks",
					"$(inherited)",
					"$(DEVELOPER_FRAMEWORKS_DIR)",
				);
				GCC_PRECOMPILE_PREFIX_HEADER = YES;
				GCC_PREFIX_HEADER = "FeedbackDemo/FeedbackDemo-Prefix.pch";
				INFOPLIST_FILE = "FeedbackDemoTests/FeedbackDemoTests-Info.plist";
				PRODUCT_NAME = "$(TARGET_NAME)";
				TEST_HOST = "$(BUNDLE_LOADER)";
				WRAPPER_EXTENSION = xctest;
			};
			name = Release;
		};
/* End XCBuildConfiguration section */

/* Begin XCConfigurationList section */
		56E7C5D4190AB5E500DC0252 /* Build configuration list for PBXProject "FeedbackDemo" */ = {
			isa = XCConfigurationList;
			buildConfigurations = (
				56E7C60C190AB5E500DC0252 /* Debug */,
				56E7C60D190AB5E500DC0252 /* Release */,
			);
			defaultConfigurationIsVisible = 0;
			defaultConfigurationName = Release;
		};
		56E7C60E190AB5E500DC0252 /* Build configuration list for PBXNativeTarget "FeedbackDemo" */ = {
			isa = XCConfigurationList;
			buildConfigurations = (
				56E7C60F190AB5E500DC0252 /* Debug */,
				56E7C610190AB5E500DC0252 /* Release */,
			);
			defaultConfigurationIsVisible = 0;
			defaultConfigurationName = Release;
		};
		56E7C611190AB5E500DC0252 /* Build configuration list for PBXNativeTarget "FeedbackDemoTests" */ = {
			isa = XCConfigurationList;
			buildConfigurations = (
				56E7C612190AB5E500DC0252 /* Debug */,
				56E7C613190AB5E500DC0252 /* Release */,
			);
			defaultConfigurationIsVisible = 0;
			defaultConfigurationName = Release;
		};
/* End XCConfigurationList section */
	};
	rootObject = 56E7C5D1190AB5E500DC0252 /* Project object */;
}
