// !$*UTF8*$!
{
	archiveVersion = 1;
	classes = {
	};
	objectVersion = 46;
	objects = {

/* Begin PBXBuildFile section */
		8CDDD99D1941AB0600C52646 /* main.m in Sources */ = {isa = PBXBuildFile; fileRef = 8CDDD99C1941AB0600C52646 /* main.m */; };
		8CDDD9A01941AB0600C52646 /* AppDelegate.m in Sources */ = {isa = PBXBuildFile; fileRef = 8CDDD99F1941AB0600C52646 /* AppDelegate.m */; };
		8CDDD9A21941AB0600C52646 /* Images.xcassets in Resources */ = {isa = PBXBuildFile; fileRef = 8CDDD9A11941AB0600C52646 /* Images.xcassets */; };
		8CDDD9BC1941ABB100C52646 /* AVOSCloud.framework in Frameworks */ = {isa = PBXBuildFile; fileRef = 8CDDD9BB1941ABB100C52646 /* AVOSCloud.framework */; };
		8CDDD9C51941ACD100C52646 /* CFNetwork.framework in Frameworks */ = {isa = PBXBuildFile; fileRef = 8CDDD9BD1941ACD100C52646 /* CFNetwork.framework */; };
		8CDDD9C61941ACD100C52646 /* CoreGraphics.framework in Frameworks */ = {isa = PBXBuildFile; fileRef = 8CDDD9BE1941ACD100C52646 /* CoreGraphics.framework */; };
		8CDDD9C71941ACD100C52646 /* CoreLocation.framework in Frameworks */ = {isa = PBXBuildFile; fileRef = 8CDDD9BF1941ACD100C52646 /* CoreLocation.framework */; };
		8CDDD9C81941ACD100C52646 /* Foundation.framework in Frameworks */ = {isa = PBXBuildFile; fileRef = 8CDDD9C01941ACD100C52646 /* Foundation.framework */; };
		8CDDD9C91941ACD100C52646 /* libz.dylib in Frameworks */ = {isa = PBXBuildFile; fileRef = 8CDDD9C11941ACD100C52646 /* libz.dylib */; };
		8CDDD9CA1941ACD100C52646 /* MobileCoreServices.framework in Frameworks */ = {isa = PBXBuildFile; fileRef = 8CDDD9C21941ACD100C52646 /* MobileCoreServices.framework */; };
		8CDDD9CB1941ACD100C52646 /* Security.framework in Frameworks */ = {isa = PBXBuildFile; fileRef = 8CDDD9C31941ACD100C52646 /* Security.framework */; };
		8CDDD9CC1941ACD100C52646 /* UIKit.framework in Frameworks */ = {isa = PBXBuildFile; fileRef = 8CDDD9C41941ACD100C52646 /* UIKit.framework */; };
/* End PBXBuildFile section */

/* Begin PBXFileReference section */
		8CDDD9971941AB0600C52646 /* TutorialAVOSCloud.app */ = {isa = PBXFileReference; explicitFileType = wrapper.application; includeInIndex = 0; path = TutorialAVOSCloud.app; sourceTree = BUILT_PRODUCTS_DIR; };
		8CDDD99B1941AB0600C52646 /* Info.plist */ = {isa = PBXFileReference; lastKnownFileType = text.plist.xml; path = Info.plist; sourceTree = "<group>"; };
		8CDDD99C1941AB0600C52646 /* main.m */ = {isa = PBXFileReference; lastKnownFileType = sourcecode.c.objc; path = main.m; sourceTree = "<group>"; };
		8CDDD99E1941AB0600C52646 /* AppDelegate.h */ = {isa = PBXFileReference; lastKnownFileType = sourcecode.c.h; path = AppDelegate.h; sourceTree = "<group>"; };
		8CDDD99F1941AB0600C52646 /* AppDelegate.m */ = {isa = PBXFileReference; lastKnownFileType = sourcecode.c.objc; path = AppDelegate.m; sourceTree = "<group>"; };
		8CDDD9A11941AB0600C52646 /* Images.xcassets */ = {isa = PBXFileReference; lastKnownFileType = folder.assetcatalog; path = Images.xcassets; sourceTree = "<group>"; };
		8CDDD9BB1941ABB100C52646 /* AVOSCloud.framework */ = {isa = PBXFileReference; lastKnownFileType = wrapper.framework; name = AVOSCloud.framework; path = "../../release-v2.5.6/AVOSCloud.framework"; sourceTree = "<group>"; };
		8CDDD9BD1941ACD100C52646 /* CFNetwork.framework */ = {isa = PBXFileReference; lastKnownFileType = wrapper.framework; name = CFNetwork.framework; path = System/Library/Frameworks/CFNetwork.framework; sourceTree = SDKROOT; };
		8CDDD9BE1941ACD100C52646 /* CoreGraphics.framework */ = {isa = PBXFileReference; lastKnownFileType = wrapper.framework; name = CoreGraphics.framework; path = System/Library/Frameworks/CoreGraphics.framework; sourceTree = SDKROOT; };
		8CDDD9BF1941ACD100C52646 /* CoreLocation.framework */ = {isa = PBXFileReference; lastKnownFileType = wrapper.framework; name = CoreLocation.framework; path = System/Library/Frameworks/CoreLocation.framework; sourceTree = SDKROOT; };
		8CDDD9C01941ACD100C52646 /* Foundation.framework */ = {isa = PBXFileReference; lastKnownFileType = wrapper.framework; name = Foundation.framework; path = System/Library/Frameworks/Foundation.framework; sourceTree = SDKROOT; };
		8CDDD9C11941ACD100C52646 /* libz.dylib */ = {isa = PBXFileReference; lastKnownFileType = "compiled.mach-o.dylib"; name = libz.dylib; path = usr/lib/libz.dylib; sourceTree = SDKROOT; };
		8CDDD9C21941ACD100C52646 /* MobileCoreServices.framework */ = {isa = PBXFileReference; lastKnownFileType = wrapper.framework; name = MobileCoreServices.framework; path = System/Library/Frameworks/MobileCoreServices.framework; sourceTree = SDKROOT; };
		8CDDD9C31941ACD100C52646 /* Security.framework */ = {isa = PBXFileReference; lastKnownFileType = wrapper.framework; name = Security.framework; path = System/Library/Frameworks/Security.framework; sourceTree = SDKROOT; };
		8CDDD9C41941ACD100C52646 /* UIKit.framework */ = {isa = PBXFileReference; lastKnownFileType = wrapper.framework; name = UIKit.framework; path = System/Library/Frameworks/UIKit.framework; sourceTree = SDKROOT; };
/* End PBXFileReference section */

/* Begin PBXFrameworksBuildPhase section */
		8CDDD9941941AB0600C52646 /* Frameworks */ = {
			isa = PBXFrameworksBuildPhase;
			buildActionMask = 2147483647;
			files = (
				8CDDD9C51941ACD100C52646 /* CFNetwork.framework in Frameworks */,
				8CDDD9C61941ACD100C52646 /* CoreGraphics.framework in Frameworks */,
				8CDDD9C71941ACD100C52646 /* CoreLocation.framework in Frameworks */,
				8CDDD9C81941ACD100C52646 /* Foundation.framework in Frameworks */,
				8CDDD9C91941ACD100C52646 /* libz.dylib in Frameworks */,
				8CDDD9CA1941ACD100C52646 /* MobileCoreServices.framework in Frameworks */,
				8CDDD9CB1941ACD100C52646 /* Security.framework in Frameworks */,
				8CDDD9CC1941ACD100C52646 /* UIKit.framework in Frameworks */,
				8CDDD9BC1941ABB100C52646 /* AVOSCloud.framework in Frameworks */,
			);
			runOnlyForDeploymentPostprocessing = 0;
		};
/* End PBXFrameworksBuildPhase section */

/* Begin PBXGroup section */
		8CDDD98E1941AB0600C52646 = {
			isa = PBXGroup;
			children = (
				8CDDD9BD1941ACD100C52646 /* CFNetwork.framework */,
				8CDDD9BE1941ACD100C52646 /* CoreGraphics.framework */,
				8CDDD9BF1941ACD100C52646 /* CoreLocation.framework */,
				8CDDD9C01941ACD100C52646 /* Foundation.framework */,
				8CDDD9C11941ACD100C52646 /* libz.dylib */,
				8CDDD9C21941ACD100C52646 /* MobileCoreServices.framework */,
				8CDDD9C31941ACD100C52646 /* Security.framework */,
				8CDDD9C41941ACD100C52646 /* UIKit.framework */,
				8CDDD9BB1941ABB100C52646 /* AVOSCloud.framework */,
				8CDDD9991941AB0600C52646 /* TutorialAVOSCloud */,
				8CDDD9981941AB0600C52646 /* Products */,
			);
			sourceTree = "<group>";
		};
		8CDDD9981941AB0600C52646 /* Products */ = {
			isa = PBXGroup;
			children = (
				8CDDD9971941AB0600C52646 /* TutorialAVOSCloud.app */,
			);
			name = Products;
			sourceTree = "<group>";
		};
		8CDDD9991941AB0600C52646 /* TutorialAVOSCloud */ = {
			isa = PBXGroup;
			children = (
				8CDDD99E1941AB0600C52646 /* AppDelegate.h */,
				8CDDD99F1941AB0600C52646 /* AppDelegate.m */,
				8CDDD9A11941AB0600C52646 /* Images.xcassets */,
				8CDDD99A1941AB0600C52646 /* Supporting Files */,
			);
			path = TutorialAVOSCloud;
			sourceTree = "<group>";
		};
		8CDDD99A1941AB0600C52646 /* Supporting Files */ = {
			isa = PBXGroup;
			children = (
				8CDDD99B1941AB0600C52646 /* Info.plist */,
				8CDDD99C1941AB0600C52646 /* main.m */,
			);
			name = "Supporting Files";
			sourceTree = "<group>";
		};
/* End PBXGroup section */

/* Begin PBXNativeTarget section */
		8CDDD9961941AB0600C52646 /* TutorialAVOSCloud */ = {
			isa = PBXNativeTarget;
			buildConfigurationList = 8CDDD9B11941AB0600C52646 /* Build configuration list for PBXNativeTarget "TutorialAVOSCloud" */;
			buildPhases = (
				8CDDD9931941AB0600C52646 /* Sources */,
				8CDDD9941941AB0600C52646 /* Frameworks */,
				8CDDD9951941AB0600C52646 /* Resources */,
			);
			buildRules = (
			);
			dependencies = (
			);
			name = TutorialAVOSCloud;
			productName = TutorialAVOSCloud;
			productReference = 8CDDD9971941AB0600C52646 /* TutorialAVOSCloud.app */;
			productType = "com.apple.product-type.application";
		};
/* End PBXNativeTarget section */

/* Begin PBXProject section */
		8CDDD98F1941AB0600C52646 /* Project object */ = {
			isa = PBXProject;
			attributes = {
				LastUpgradeCheck = 0600;
				ORGANIZATIONNAME = AVOS;
				TargetAttributes = {
					8CDDD9961941AB0600C52646 = {
						CreatedOnToolsVersion = 6.0;
					};
				};
			};
			buildConfigurationList = 8CDDD9921941AB0600C52646 /* Build configuration list for PBXProject "TutorialAVOSCloud" */;
			compatibilityVersion = "Xcode 3.2";
			developmentRegion = English;
			hasScannedForEncodings = 0;
			knownRegions = (
				en,
			);
			mainGroup = 8CDDD98E1941AB0600C52646;
			productRefGroup = 8CDDD9981941AB0600C52646 /* Products */;
			projectDirPath = "";
			projectRoot = "";
			targets = (
				8CDDD9961941AB0600C52646 /* TutorialAVOSCloud */,
			);
		};
/* End PBXProject section */

/* Begin PBXResourcesBuildPhase section */
		8CDDD9951941AB0600C52646 /* Resources */ = {
			isa = PBXResourcesBuildPhase;
			buildActionMask = 2147483647;
			files = (
				8CDDD9A21941AB0600C52646 /* Images.xcassets in Resources */,
			);
			runOnlyForDeploymentPostprocessing = 0;
		};
/* End PBXResourcesBuildPhase section */

/* Begin PBXSourcesBuildPhase section */
		8CDDD9931941AB0600C52646 /* Sources */ = {
			isa = PBXSourcesBuildPhase;
			buildActionMask = 2147483647;
			files = (
				8CDDD9A01941AB0600C52646 /* AppDelegate.m in Sources */,
				8CDDD99D1941AB0600C52646 /* main.m in Sources */,
			);
			runOnlyForDeploymentPostprocessing = 0;
		};
/* End PBXSourcesBuildPhase section */

/* Begin XCBuildConfiguration section */
		8CDDD9AF1941AB0600C52646 /* Debug */ = {
			isa = XCBuildConfiguration;
			buildSettings = {
				ALWAYS_SEARCH_USER_PATHS = NO;
				CLANG_CXX_LANGUAGE_STANDARD = "gnu++0x";
				CLANG_CXX_LIBRARY = "libc++";
				CLANG_ENABLE_MODULES = YES;
				CLANG_ENABLE_OBJC_ARC = YES;
				CLANG_WARN_BOOL_CONVERSION = YES;
				CLANG_WARN_CONSTANT_CONVERSION = YES;
				CLANG_WARN_DIRECT_OBJC_ISA_USAGE = YES_ERROR;
				CLANG_WARN_EMPTY_BODY = YES;
				CLANG_WARN_ENUM_CONVERSION = YES;
				CLANG_WARN_INT_CONVERSION = YES;
				CLANG_WARN_OBJC_ROOT_CLASS = YES_ERROR;
				CLANG_WARN_UNREACHABLE_CODE = YES;
				CLANG_WARN__DUPLICATE_METHOD_MATCH = YES;
				"CODE_SIGN_IDENTITY[sdk=iphoneos*]" = "iPhone Developer";
				COPY_PHASE_STRIP = NO;
				ENABLE_STRICT_OBJC_MSGSEND = YES;
				FRAMEWORK_SEARCH_PATHS = "$(SRCROOT)/../../release-v2.5.6";
				GCC_C_LANGUAGE_STANDARD = gnu99;
				GCC_DYNAMIC_NO_PIC = NO;
				GCC_OPTIMIZATION_LEVEL = 0;
				GCC_PREPROCESSOR_DEFINITIONS = (
					"DEBUG=1",
					"$(inherited)",
				);
				GCC_SYMBOLS_PRIVATE_EXTERN = NO;
				GCC_WARN_64_TO_32_BIT_CONVERSION = YES;
				GCC_WARN_ABOUT_RETURN_TYPE = YES_ERROR;
				GCC_WARN_UNDECLARED_SELECTOR = YES;
				GCC_WARN_UNINITIALIZED_AUTOS = YES_AGGRESSIVE;
				GCC_WARN_UNUSED_FUNCTION = YES;
				GCC_WARN_UNUSED_VARIABLE = YES;
				IPHONEOS_DEPLOYMENT_TARGET = 8.0;
				METAL_ENABLE_DEBUG_INFO = YES;
				ONLY_ACTIVE_ARCH = YES;
				SDKROOT = iphoneos;
				TARGETED_DEVICE_FAMILY = "1,2";
			};
			name = Debug;
		};
		8CDDD9B01941AB0600C52646 /* Release */ = {
			isa = XCBuildConfiguration;
			buildSettings = {
				ALWAYS_SEARCH_USER_PATHS = NO;
				CLANG_CXX_LANGUAGE_STANDARD = "gnu++0x";
				CLANG_CXX_LIBRARY = "libc++";
				CLANG_ENABLE_MODULES = YES;
				CLANG_ENABLE_OBJC_ARC = YES;
				CLANG_WARN_BOOL_CONVERSION = YES;
				CLANG_WARN_CONSTANT_CONVERSION = YES;
				CLANG_WARN_DIRECT_OBJC_ISA_USAGE = YES_ERROR;
				CLANG_WARN_EMPTY_BODY = YES;
				CLANG_WARN_ENUM_CONVERSION = YES;
				CLANG_WARN_INT_CONVERSION = YES;
				CLANG_WARN_OBJC_ROOT_CLASS = YES_ERROR;
				CLANG_WARN_UNREACHABLE_CODE = YES;
				CLANG_WARN__DUPLICATE_METHOD_MATCH = YES;
				"CODE_SIGN_IDENTITY[sdk=iphoneos*]" = "iPhone Developer";
				COPY_PHASE_STRIP = YES;
				ENABLE_NS_ASSERTIONS = NO;
				ENABLE_STRICT_OBJC_MSGSEND = YES;
				FRAMEWORK_SEARCH_PATHS = "$(SRCROOT)/../../release-v2.5.6";
				GCC_C_LANGUAGE_STANDARD = gnu99;
				GCC_WARN_64_TO_32_BIT_CONVERSION = YES;
				GCC_WARN_ABOUT_RETURN_TYPE = YES_ERROR;
				GCC_WARN_UNDECLARED_SELECTOR = YES;
				GCC_WARN_UNINITIALIZED_AUTOS = YES_AGGRESSIVE;
				GCC_WARN_UNUSED_FUNCTION = YES;
				GCC_WARN_UNUSED_VARIABLE = YES;
				IPHONEOS_DEPLOYMENT_TARGET = 8.0;
				METAL_ENABLE_DEBUG_INFO = NO;
				SDKROOT = iphoneos;
				TARGETED_DEVICE_FAMILY = "1,2";
				VALIDATE_PRODUCT = YES;
			};
			name = Release;
		};
		8CDDD9B21941AB0600C52646 /* Debug */ = {
			isa = XCBuildConfiguration;
			buildSettings = {
				ASSETCATALOG_COMPILER_APPICON_NAME = AppIcon;
				ASSETCATALOG_COMPILER_LAUNCHIMAGE_NAME = LaunchImage;
				INFOPLIST_FILE = TutorialAVOSCloud/Info.plist;
				LD_RUNPATH_SEARCH_PATHS = "$(inherited) @executable_path/Frameworks";
				PRODUCT_NAME = "$(TARGET_NAME)";
			};
			name = Debug;
		};
		8CDDD9B31941AB0600C52646 /* Release */ = {
			isa = XCBuildConfiguration;
			buildSettings = {
				ASSETCATALOG_COMPILER_APPICON_NAME = AppIcon;
				ASSETCATALOG_COMPILER_LAUNCHIMAGE_NAME = LaunchImage;
				INFOPLIST_FILE = TutorialAVOSCloud/Info.plist;
				LD_RUNPATH_SEARCH_PATHS = "$(inherited) @executable_path/Frameworks";
				PRODUCT_NAME = "$(TARGET_NAME)";
			};
			name = Release;
		};
/* End XCBuildConfiguration section */

/* Begin XCConfigurationList section */
		8CDDD9921941AB0600C52646 /* Build configuration list for PBXProject "TutorialAVOSCloud" */ = {
			isa = XCConfigurationList;
			buildConfigurations = (
				8CDDD9AF1941AB0600C52646 /* Debug */,
				8CDDD9B01941AB0600C52646 /* Release */,
			);
			defaultConfigurationIsVisible = 0;
			defaultConfigurationName = Release;
		};
		8CDDD9B11941AB0600C52646 /* Build configuration list for PBXNativeTarget "TutorialAVOSCloud" */ = {
			isa = XCConfigurationList;
			buildConfigurations = (
				8CDDD9B21941AB0600C52646 /* Debug */,
				8CDDD9B31941AB0600C52646 /* Release */,
			);
			defaultConfigurationIsVisible = 0;
		};
/* End XCConfigurationList section */
	};
	rootObject = 8CDDD98F1941AB0600C52646 /* Project object */;
}
