// !$*UTF8*$!
{
	archiveVersion = 1;
	classes = {
	};
	objectVersion = 46;
	objects = {

/* Begin PBXBuildFile section */
		423DA4AD609C49D59839140E /* libPods.a in Frameworks */ = {isa = PBXBuildFile; fileRef = 3C15CAAC42A54C47AF374310 /* libPods.a */; };
		B810355B15B494D200F1B581 /* QuartzCore.framework in Frameworks */ = {isa = PBXBuildFile; fileRef = B810355A15B494D200F1B581 /* QuartzCore.framework */; };
		B810355D15B494D700F1B581 /* Security.framework in Frameworks */ = {isa = PBXBuildFile; fileRef = B810355C15B494D700F1B581 /* Security.framework */; };
		B810355F15B494E500F1B581 /* AudioToolbox.framework in Frameworks */ = {isa = PBXBuildFile; fileRef = B810355E15B494E500F1B581 /* AudioToolbox.framework */; };
		B810356115B494EA00F1B581 /* CFNetwork.framework in Frameworks */ = {isa = PBXBuildFile; fileRef = B810356015B494EA00F1B581 /* CFNetwork.framework */; };
		B810356315B494F400F1B581 /* MobileCoreServices.framework in Frameworks */ = {isa = PBXBuildFile; fileRef = B810356215B494F400F1B581 /* MobileCoreServices.framework */; };
		B810356515B4950100F1B581 /* libz.1.1.3.dylib in Frameworks */ = {isa = PBXBuildFile; fileRef = B810356415B4950100F1B581 /* libz.1.1.3.dylib */; };
		B810356715B4952500F1B581 /* SystemConfiguration.framework in Frameworks */ = {isa = PBXBuildFile; fileRef = B810356615B4952500F1B581 /* SystemConfiguration.framework */; };
		B8811D9315B049AE00F6F58A /* UIKit.framework in Frameworks */ = {isa = PBXBuildFile; fileRef = B8811D9215B049AE00F6F58A /* UIKit.framework */; };
		B8811D9515B049AE00F6F58A /* Foundation.framework in Frameworks */ = {isa = PBXBuildFile; fileRef = B8811D9415B049AE00F6F58A /* Foundation.framework */; };
		B8811D9715B049AE00F6F58A /* CoreGraphics.framework in Frameworks */ = {isa = PBXBuildFile; fileRef = B8811D9615B049AE00F6F58A /* CoreGraphics.framework */; };
		B8811D9D15B049AE00F6F58A /* InfoPlist.strings in Resources */ = {isa = PBXBuildFile; fileRef = B8811D9B15B049AE00F6F58A /* InfoPlist.strings */; };
		B8811D9F15B049AE00F6F58A /* main.m in Sources */ = {isa = PBXBuildFile; fileRef = B8811D9E15B049AE00F6F58A /* main.m */; };
		B8811DA315B049AE00F6F58A /* AppDelegate.m in Sources */ = {isa = PBXBuildFile; fileRef = B8811DA215B049AE00F6F58A /* AppDelegate.m */; };
		B8811DA615B049AE00F6F58A /* MainStoryboard.storyboard in Resources */ = {isa = PBXBuildFile; fileRef = B8811DA415B049AE00F6F58A /* MainStoryboard.storyboard */; };
		B8811DB615B049ED00F6F58A /* LoginViewController.m in Sources */ = {isa = PBXBuildFile; fileRef = B8811DB315B049ED00F6F58A /* LoginViewController.m */; };
		B8811DB715B049ED00F6F58A /* RegisterViewController.m in Sources */ = {isa = PBXBuildFile; fileRef = B8811DB515B049ED00F6F58A /* RegisterViewController.m */; };
		B8811DFC15B0501100F6F58A /* WallPicturesViewController.m in Sources */ = {isa = PBXBuildFile; fileRef = B8811DF915B0501100F6F58A /* WallPicturesViewController.m */; };
		B8811DFD15B0501100F6F58A /* UploadImageViewController.m in Sources */ = {isa = PBXBuildFile; fileRef = B8811DFB15B0501100F6F58A /* UploadImageViewController.m */; };
		FE402D0A1760BEBD00230DB1 /* AVOSCloud.framework in Frameworks */ = {isa = PBXBuildFile; fileRef = FE402D091760BEBD00230DB1 /* AVOSCloud.framework */; };
		FE6B4891175D9D5D007DE0D9 /* CoreLocation.framework in Frameworks */ = {isa = PBXBuildFile; fileRef = FE6B4890175D9D5D007DE0D9 /* CoreLocation.framework */; };
/* End PBXBuildFile section */

/* Begin PBXFileReference section */
		3C15CAAC42A54C47AF374310 /* libPods.a */ = {isa = PBXFileReference; explicitFileType = archive.ar; includeInIndex = 0; path = libPods.a; sourceTree = BUILT_PRODUCTS_DIR; };
		ADFEF016D30D47DE847883F2 /* Pods.xcconfig */ = {isa = PBXFileReference; includeInIndex = 1; lastKnownFileType = text.xcconfig; name = Pods.xcconfig; path = Pods/Pods.xcconfig; sourceTree = SOURCE_ROOT; };
		B810355A15B494D200F1B581 /* QuartzCore.framework */ = {isa = PBXFileReference; lastKnownFileType = wrapper.framework; name = QuartzCore.framework; path = System/Library/Frameworks/QuartzCore.framework; sourceTree = SDKROOT; };
		B810355C15B494D700F1B581 /* Security.framework */ = {isa = PBXFileReference; lastKnownFileType = wrapper.framework; name = Security.framework; path = System/Library/Frameworks/Security.framework; sourceTree = SDKROOT; };
		B810355E15B494E500F1B581 /* AudioToolbox.framework */ = {isa = PBXFileReference; lastKnownFileType = wrapper.framework; name = AudioToolbox.framework; path = System/Library/Frameworks/AudioToolbox.framework; sourceTree = SDKROOT; };
		B810356015B494EA00F1B581 /* CFNetwork.framework */ = {isa = PBXFileReference; lastKnownFileType = wrapper.framework; name = CFNetwork.framework; path = System/Library/Frameworks/CFNetwork.framework; sourceTree = SDKROOT; };
		B810356215B494F400F1B581 /* MobileCoreServices.framework */ = {isa = PBXFileReference; lastKnownFileType = wrapper.framework; name = MobileCoreServices.framework; path = System/Library/Frameworks/MobileCoreServices.framework; sourceTree = SDKROOT; };
		B810356415B4950100F1B581 /* libz.1.1.3.dylib */ = {isa = PBXFileReference; lastKnownFileType = "compiled.mach-o.dylib"; name = libz.1.1.3.dylib; path = usr/lib/libz.1.1.3.dylib; sourceTree = SDKROOT; };
		B810356615B4952500F1B581 /* SystemConfiguration.framework */ = {isa = PBXFileReference; lastKnownFileType = wrapper.framework; name = SystemConfiguration.framework; path = System/Library/Frameworks/SystemConfiguration.framework; sourceTree = SDKROOT; };
		B810356815B496D400F1B581 /* Constants.h */ = {isa = PBXFileReference; fileEncoding = 4; lastKnownFileType = sourcecode.c.h; path = Constants.h; sourceTree = "<group>"; };
		B8811D8E15B049AE00F6F58A /* TutorialAVOSCloud.app */ = {isa = PBXFileReference; explicitFileType = wrapper.application; includeInIndex = 0; path = TutorialAVOSCloud.app; sourceTree = BUILT_PRODUCTS_DIR; };
		B8811D9215B049AE00F6F58A /* UIKit.framework */ = {isa = PBXFileReference; lastKnownFileType = wrapper.framework; name = UIKit.framework; path = System/Library/Frameworks/UIKit.framework; sourceTree = SDKROOT; };
		B8811D9415B049AE00F6F58A /* Foundation.framework */ = {isa = PBXFileReference; lastKnownFileType = wrapper.framework; name = Foundation.framework; path = System/Library/Frameworks/Foundation.framework; sourceTree = SDKROOT; };
		B8811D9615B049AE00F6F58A /* CoreGraphics.framework */ = {isa = PBXFileReference; lastKnownFileType = wrapper.framework; name = CoreGraphics.framework; path = System/Library/Frameworks/CoreGraphics.framework; sourceTree = SDKROOT; };
		B8811D9A15B049AE00F6F58A /* TutorialAVOSCloud-Info.plist */ = {isa = PBXFileReference; lastKnownFileType = text.plist.xml; path = "TutorialAVOSCloud-Info.plist"; sourceTree = "<group>"; };
		B8811D9C15B049AE00F6F58A /* en */ = {isa = PBXFileReference; lastKnownFileType = text.plist.strings; name = en; path = en.lproj/InfoPlist.strings; sourceTree = "<group>"; };
		B8811D9E15B049AE00F6F58A /* main.m */ = {isa = PBXFileReference; lastKnownFileType = sourcecode.c.objc; path = main.m; sourceTree = "<group>"; };
		B8811DA015B049AE00F6F58A /* TutorialAVOSCloud-Prefix.pch */ = {isa = PBXFileReference; lastKnownFileType = sourcecode.c.h; path = "TutorialAVOSCloud-Prefix.pch"; sourceTree = "<group>"; };
		B8811DA115B049AE00F6F58A /* AppDelegate.h */ = {isa = PBXFileReference; lastKnownFileType = sourcecode.c.h; path = AppDelegate.h; sourceTree = "<group>"; };
		B8811DA215B049AE00F6F58A /* AppDelegate.m */ = {isa = PBXFileReference; lastKnownFileType = sourcecode.c.objc; path = AppDelegate.m; sourceTree = "<group>"; };
		B8811DA515B049AE00F6F58A /* en */ = {isa = PBXFileReference; lastKnownFileType = file.storyboard; name = en; path = en.lproj/MainStoryboard.storyboard; sourceTree = "<group>"; };
		B8811DB215B049ED00F6F58A /* LoginViewController.h */ = {isa = PBXFileReference; fileEncoding = 4; lastKnownFileType = sourcecode.c.h; path = LoginViewController.h; sourceTree = "<group>"; };
		B8811DB315B049ED00F6F58A /* LoginViewController.m */ = {isa = PBXFileReference; fileEncoding = 4; lastKnownFileType = sourcecode.c.objc; path = LoginViewController.m; sourceTree = "<group>"; };
		B8811DB415B049ED00F6F58A /* RegisterViewController.h */ = {isa = PBXFileReference; fileEncoding = 4; lastKnownFileType = sourcecode.c.h; path = RegisterViewController.h; sourceTree = "<group>"; };
		B8811DB515B049ED00F6F58A /* RegisterViewController.m */ = {isa = PBXFileReference; fileEncoding = 4; lastKnownFileType = sourcecode.c.objc; path = RegisterViewController.m; sourceTree = "<group>"; };
		B8811DF815B0501100F6F58A /* WallPicturesViewController.h */ = {isa = PBXFileReference; fileEncoding = 4; lastKnownFileType = sourcecode.c.h; path = WallPicturesViewController.h; sourceTree = "<group>"; };
		B8811DF915B0501100F6F58A /* WallPicturesViewController.m */ = {isa = PBXFileReference; fileEncoding = 4; lastKnownFileType = sourcecode.c.objc; path = WallPicturesViewController.m; sourceTree = "<group>"; };
		B8811DFA15B0501100F6F58A /* UploadImageViewController.h */ = {isa = PBXFileReference; fileEncoding = 4; lastKnownFileType = sourcecode.c.h; path = UploadImageViewController.h; sourceTree = "<group>"; };
		B8811DFB15B0501100F6F58A /* UploadImageViewController.m */ = {isa = PBXFileReference; fileEncoding = 4; lastKnownFileType = sourcecode.c.objc; path = UploadImageViewController.m; sourceTree = "<group>"; };
		FE402D091760BEBD00230DB1 /* AVOSCloud.framework */ = {isa = PBXFileReference; lastKnownFileType = wrapper.framework; name = AVOSCloud.framework; path = "../../release-v1.0/AVOSCloud.framework"; sourceTree = "<group>"; };
		FE6B4890175D9D5D007DE0D9 /* CoreLocation.framework */ = {isa = PBXFileReference; lastKnownFileType = wrapper.framework; name = CoreLocation.framework; path = System/Library/Frameworks/CoreLocation.framework; sourceTree = SDKROOT; };
/* End PBXFileReference section */

/* Begin PBXFrameworksBuildPhase section */
		B8811D8B15B049AD00F6F58A /* Frameworks */ = {
			isa = PBXFrameworksBuildPhase;
			buildActionMask = 2147483647;
			files = (
				FE6B4891175D9D5D007DE0D9 /* CoreLocation.framework in Frameworks */,
				B810356715B4952500F1B581 /* SystemConfiguration.framework in Frameworks */,
				B810356515B4950100F1B581 /* libz.1.1.3.dylib in Frameworks */,
				B810356315B494F400F1B581 /* MobileCoreServices.framework in Frameworks */,
				B810356115B494EA00F1B581 /* CFNetwork.framework in Frameworks */,
				B810355F15B494E500F1B581 /* AudioToolbox.framework in Frameworks */,
				B810355D15B494D700F1B581 /* Security.framework in Frameworks */,
				B810355B15B494D200F1B581 /* QuartzCore.framework in Frameworks */,
				B8811D9315B049AE00F6F58A /* UIKit.framework in Frameworks */,
				B8811D9515B049AE00F6F58A /* Foundation.framework in Frameworks */,
				B8811D9715B049AE00F6F58A /* CoreGraphics.framework in Frameworks */,
				FE402D0A1760BEBD00230DB1 /* AVOSCloud.framework in Frameworks */,
				423DA4AD609C49D59839140E /* libPods.a in Frameworks */,
			);
			runOnlyForDeploymentPostprocessing = 0;
		};
/* End PBXFrameworksBuildPhase section */

/* Begin PBXGroup section */
		B8811D8315B049AD00F6F58A = {
			isa = PBXGroup;
			children = (
				B8811D9815B049AE00F6F58A /* TutorialBase */,
				B8811D9115B049AE00F6F58A /* Frameworks */,
				B8811D8F15B049AE00F6F58A /* Products */,
				ADFEF016D30D47DE847883F2 /* Pods.xcconfig */,
			);
			sourceTree = "<group>";
		};
		B8811D8F15B049AE00F6F58A /* Products */ = {
			isa = PBXGroup;
			children = (
				B8811D8E15B049AE00F6F58A /* TutorialAVOSCloud.app */,
			);
			name = Products;
			sourceTree = "<group>";
		};
		B8811D9115B049AE00F6F58A /* Frameworks */ = {
			isa = PBXGroup;
			children = (
				FE402D091760BEBD00230DB1 /* AVOSCloud.framework */,
				FE6B4890175D9D5D007DE0D9 /* CoreLocation.framework */,
				B810356615B4952500F1B581 /* SystemConfiguration.framework */,
				B810356415B4950100F1B581 /* libz.1.1.3.dylib */,
				B810356215B494F400F1B581 /* MobileCoreServices.framework */,
				B810356015B494EA00F1B581 /* CFNetwork.framework */,
				B810355E15B494E500F1B581 /* AudioToolbox.framework */,
				B810355C15B494D700F1B581 /* Security.framework */,
				B810355A15B494D200F1B581 /* QuartzCore.framework */,
				B8811D9215B049AE00F6F58A /* UIKit.framework */,
				B8811D9415B049AE00F6F58A /* Foundation.framework */,
				B8811D9615B049AE00F6F58A /* CoreGraphics.framework */,
				3C15CAAC42A54C47AF374310 /* libPods.a */,
			);
			name = Frameworks;
			sourceTree = "<group>";
		};
		B8811D9815B049AE00F6F58A /* TutorialBase */ = {
			isa = PBXGroup;
			children = (
				B810356815B496D400F1B581 /* Constants.h */,
				B8811E0015B06F4200F6F58A /* ViewControllers */,
				B8811DA415B049AE00F6F58A /* MainStoryboard.storyboard */,
				B8811D9915B049AE00F6F58A /* Supporting Files */,
			);
			path = TutorialBase;
			sourceTree = "<group>";
		};
		B8811D9915B049AE00F6F58A /* Supporting Files */ = {
			isa = PBXGroup;
			children = (
				B8811D9A15B049AE00F6F58A /* TutorialAVOSCloud-Info.plist */,
				B8811D9B15B049AE00F6F58A /* InfoPlist.strings */,
				B8811D9E15B049AE00F6F58A /* main.m */,
				B8811DA015B049AE00F6F58A /* TutorialAVOSCloud-Prefix.pch */,
			);
			name = "Supporting Files";
			sourceTree = "<group>";
		};
		B8811E0015B06F4200F6F58A /* ViewControllers */ = {
			isa = PBXGroup;
			children = (
				B8811DA115B049AE00F6F58A /* AppDelegate.h */,
				B8811DA215B049AE00F6F58A /* AppDelegate.m */,
				B8811E0115B06F5200F6F58A /* Login/Register */,
				B8811E0215B06F6600F6F58A /* Wall */,
			);
			name = ViewControllers;
			sourceTree = "<group>";
		};
		B8811E0115B06F5200F6F58A /* Login/Register */ = {
			isa = PBXGroup;
			children = (
				B8811DB215B049ED00F6F58A /* LoginViewController.h */,
				B8811DB315B049ED00F6F58A /* LoginViewController.m */,
				B8811DB415B049ED00F6F58A /* RegisterViewController.h */,
				B8811DB515B049ED00F6F58A /* RegisterViewController.m */,
			);
			name = Login/Register;
			sourceTree = "<group>";
		};
		B8811E0215B06F6600F6F58A /* Wall */ = {
			isa = PBXGroup;
			children = (
				B8811DF815B0501100F6F58A /* WallPicturesViewController.h */,
				B8811DF915B0501100F6F58A /* WallPicturesViewController.m */,
				B8811DFA15B0501100F6F58A /* UploadImageViewController.h */,
				B8811DFB15B0501100F6F58A /* UploadImageViewController.m */,
			);
			name = Wall;
			sourceTree = "<group>";
		};
/* End PBXGroup section */

/* Begin PBXNativeTarget section */
		B8811D8D15B049AD00F6F58A /* TutorialAVOSCloud */ = {
			isa = PBXNativeTarget;
			buildConfigurationList = B8811DAF15B049AE00F6F58A /* Build configuration list for PBXNativeTarget "TutorialAVOSCloud" */;
			buildPhases = (
				6B43EBB68A0D4BBAAD4D61BD /* Check Pods Manifest.lock */,
				B8811D8A15B049AD00F6F58A /* Sources */,
				B8811D8B15B049AD00F6F58A /* Frameworks */,
				B8811D8C15B049AD00F6F58A /* Resources */,
				E57788D90DB14C908390545C /* Copy Pods Resources */,
			);
			buildRules = (
			);
			dependencies = (
			);
			name = TutorialAVOSCloud;
			productName = TutorialBase;
			productReference = B8811D8E15B049AE00F6F58A /* TutorialAVOSCloud.app */;
			productType = "com.apple.product-type.application";
		};
/* End PBXNativeTarget section */

/* Begin PBXProject section */
		B8811D8515B049AD00F6F58A /* Project object */ = {
			isa = PBXProject;
			attributes = {
				LastUpgradeCheck = 0430;
			};
			buildConfigurationList = B8811D8815B049AD00F6F58A /* Build configuration list for PBXProject "TutorialAVOSCloud" */;
			compatibilityVersion = "Xcode 3.2";
			developmentRegion = English;
			hasScannedForEncodings = 0;
			knownRegions = (
				en,
			);
			mainGroup = B8811D8315B049AD00F6F58A;
			productRefGroup = B8811D8F15B049AE00F6F58A /* Products */;
			projectDirPath = "";
			projectRoot = "";
			targets = (
				B8811D8D15B049AD00F6F58A /* TutorialAVOSCloud */,
			);
		};
/* End PBXProject section */

/* Begin PBXResourcesBuildPhase section */
		B8811D8C15B049AD00F6F58A /* Resources */ = {
			isa = PBXResourcesBuildPhase;
			buildActionMask = 2147483647;
			files = (
				B8811D9D15B049AE00F6F58A /* InfoPlist.strings in Resources */,
				B8811DA615B049AE00F6F58A /* MainStoryboard.storyboard in Resources */,
			);
			runOnlyForDeploymentPostprocessing = 0;
		};
/* End PBXResourcesBuildPhase section */

/* Begin PBXShellScriptBuildPhase section */
		6B43EBB68A0D4BBAAD4D61BD /* Check Pods Manifest.lock */ = {
			isa = PBXShellScriptBuildPhase;
			buildActionMask = 2147483647;
			files = (
			);
			inputPaths = (
			);
			name = "Check Pods Manifest.lock";
			outputPaths = (
			);
			runOnlyForDeploymentPostprocessing = 0;
			shellPath = /bin/sh;
			shellScript = "diff \"${PODS_ROOT}/../Podfile.lock\" \"${PODS_ROOT}/Manifest.lock\" > /dev/null\nif [[ $? != 0 ]] ; then\n    cat << EOM\nerror: The sandbox is not in sync with the Podfile.lock. Run 'pod install' or update your CocoaPods installation.\nEOM\n    exit 1\nfi\n";
		};
		E57788D90DB14C908390545C /* Copy Pods Resources */ = {
			isa = PBXShellScriptBuildPhase;
			buildActionMask = 2147483647;
			files = (
			);
			inputPaths = (
			);
			name = "Copy Pods Resources";
			outputPaths = (
			);
			runOnlyForDeploymentPostprocessing = 0;
			shellPath = /bin/sh;
			shellScript = "\"${SRCROOT}/Pods/Pods-resources.sh\"\n";
		};
/* End PBXShellScriptBuildPhase section */

/* Begin PBXSourcesBuildPhase section */
		B8811D8A15B049AD00F6F58A /* Sources */ = {
			isa = PBXSourcesBuildPhase;
			buildActionMask = 2147483647;
			files = (
				B8811D9F15B049AE00F6F58A /* main.m in Sources */,
				B8811DA315B049AE00F6F58A /* AppDelegate.m in Sources */,
				B8811DB615B049ED00F6F58A /* LoginViewController.m in Sources */,
				B8811DB715B049ED00F6F58A /* RegisterViewController.m in Sources */,
				B8811DFC15B0501100F6F58A /* WallPicturesViewController.m in Sources */,
				B8811DFD15B0501100F6F58A /* UploadImageViewController.m in Sources */,
			);
			runOnlyForDeploymentPostprocessing = 0;
		};
/* End PBXSourcesBuildPhase section */

/* Begin PBXVariantGroup section */
		B8811D9B15B049AE00F6F58A /* InfoPlist.strings */ = {
			isa = PBXVariantGroup;
			children = (
				B8811D9C15B049AE00F6F58A /* en */,
			);
			name = InfoPlist.strings;
			sourceTree = "<group>";
		};
		B8811DA415B049AE00F6F58A /* MainStoryboard.storyboard */ = {
			isa = PBXVariantGroup;
			children = (
				B8811DA515B049AE00F6F58A /* en */,
			);
			name = MainStoryboard.storyboard;
			sourceTree = "<group>";
		};
/* End PBXVariantGroup section */

/* Begin XCBuildConfiguration section */
		B8811DAD15B049AE00F6F58A /* Debug */ = {
			isa = XCBuildConfiguration;
			buildSettings = {
				ALWAYS_SEARCH_USER_PATHS = NO;
				ARCHS = "$(ARCHS_STANDARD_32_BIT)";
				CLANG_ENABLE_OBJC_ARC = YES;
				"CODE_SIGN_IDENTITY[sdk=iphoneos*]" = "iPhone Developer";
				COPY_PHASE_STRIP = NO;
				GCC_C_LANGUAGE_STANDARD = gnu99;
				GCC_DYNAMIC_NO_PIC = NO;
				GCC_OPTIMIZATION_LEVEL = 0;
				GCC_PREPROCESSOR_DEFINITIONS = (
					"DEBUG=1",
					"$(inherited)",
				);
				GCC_SYMBOLS_PRIVATE_EXTERN = NO;
				GCC_VERSION = com.apple.compilers.llvm.clang.1_0;
				GCC_WARN_ABOUT_RETURN_TYPE = YES;
				GCC_WARN_UNINITIALIZED_AUTOS = YES;
				GCC_WARN_UNUSED_VARIABLE = YES;
				IPHONEOS_DEPLOYMENT_TARGET = 5.1;
				SDKROOT = iphoneos;
			};
			name = Debug;
		};
		B8811DAE15B049AE00F6F58A /* Release */ = {
			isa = XCBuildConfiguration;
			buildSettings = {
				ALWAYS_SEARCH_USER_PATHS = NO;
				ARCHS = "$(ARCHS_STANDARD_32_BIT)";
				CLANG_ENABLE_OBJC_ARC = YES;
				"CODE_SIGN_IDENTITY[sdk=iphoneos*]" = "iPhone Developer";
				COPY_PHASE_STRIP = YES;
				GCC_C_LANGUAGE_STANDARD = gnu99;
				GCC_VERSION = com.apple.compilers.llvm.clang.1_0;
				GCC_WARN_ABOUT_RETURN_TYPE = YES;
				GCC_WARN_UNINITIALIZED_AUTOS = YES;
				GCC_WARN_UNUSED_VARIABLE = YES;
				IPHONEOS_DEPLOYMENT_TARGET = 5.1;
				OTHER_CFLAGS = "-DNS_BLOCK_ASSERTIONS=1";
				SDKROOT = iphoneos;
				VALIDATE_PRODUCT = YES;
			};
			name = Release;
		};
		B8811DB015B049AE00F6F58A /* Debug */ = {
			isa = XCBuildConfiguration;
			baseConfigurationReference = ADFEF016D30D47DE847883F2 /* Pods.xcconfig */;
			buildSettings = {
				CODE_SIGN_IDENTITY = "iPhone Developer: zeng zhu (Y444FE6H35)";
				"CODE_SIGN_IDENTITY[sdk=iphoneos*]" = "iPhone Developer: zeng zhu (Y444FE6H35)";
				FRAMEWORK_SEARCH_PATHS = (
					"$(inherited)",
					"\"$(SRCROOT)\"",
					"\"$(SRCROOT)/Paas.embeddedframework\"",
					"\"$(SRCROOT)/PaasUI.embeddedframework\"",
					"\"$(SRCROOT)/../../release-v1.0\"",
				);
				GCC_PRECOMPILE_PREFIX_HEADER = YES;
				GCC_PREFIX_HEADER = "TutorialBase/TutorialAVOSCloud-Prefix.pch";
				INFOPLIST_FILE = "TutorialBase/TutorialAVOSCloud-Info.plist";
				IPHONEOS_DEPLOYMENT_TARGET = 5.0;
				LIBRARY_SEARCH_PATHS = (
					"$(inherited)",
					"\"$(SRCROOT)/../../release-v1.0\"",
					"\"$(SRCROOT)/../../release-v1.0/Versions/A\"",
					"\"$(SRCROOT)/../../release-v1.0/Versions/Current\"",
				);
				OTHER_LDFLAGS = (
					"-ObjC",
					"-all_load",
				);
				PRODUCT_NAME = TutorialAVOSCloud;
				PROVISIONING_PROFILE = "397B8044-0481-4779-B733-1EA474833A97";
				"PROVISIONING_PROFILE[sdk=iphoneos*]" = "397B8044-0481-4779-B733-1EA474833A97";
				WRAPPER_EXTENSION = app;
			};
			name = Debug;
		};
		B8811DB115B049AE00F6F58A /* Release */ = {
			isa = XCBuildConfiguration;
			baseConfigurationReference = ADFEF016D30D47DE847883F2 /* Pods.xcconfig */;
			buildSettings = {
				CODE_SIGN_IDENTITY = "iPhone Developer: zeng zhu (Y444FE6H35)";
				"CODE_SIGN_IDENTITY[sdk=iphoneos*]" = "iPhone Developer: zeng zhu (Y444FE6H35)";
				FRAMEWORK_SEARCH_PATHS = (
					"$(inherited)",
					"\"$(SRCROOT)\"",
					"\"$(SRCROOT)/Paas.embeddedframework\"",
					"\"$(SRCROOT)/PaasUI.embeddedframework\"",
					"\"$(SRCROOT)/../../release-v1.0\"",
				);
				GCC_PRECOMPILE_PREFIX_HEADER = YES;
				GCC_PREFIX_HEADER = "TutorialBase/TutorialAVOSCloud-Prefix.pch";
				INFOPLIST_FILE = "TutorialBase/TutorialAVOSCloud-Info.plist";
				IPHONEOS_DEPLOYMENT_TARGET = 5.0;
				LIBRARY_SEARCH_PATHS = (
					"$(inherited)",
					"\"$(SRCROOT)/../../release-v1.0\"",
					"\"$(SRCROOT)/../../release-v1.0/Versions/A\"",
					"\"$(SRCROOT)/../../release-v1.0/Versions/Current\"",
				);
				OTHER_LDFLAGS = (
					"-ObjC",
					"-all_load",
				);
				PRODUCT_NAME = TutorialAVOSCloud;
				PROVISIONING_PROFILE = "397B8044-0481-4779-B733-1EA474833A97";
				"PROVISIONING_PROFILE[sdk=iphoneos*]" = "397B8044-0481-4779-B733-1EA474833A97";
				WRAPPER_EXTENSION = app;
			};
			name = Release;
		};
/* End XCBuildConfiguration section */

/* Begin XCConfigurationList section */
		B8811D8815B049AD00F6F58A /* Build configuration list for PBXProject "TutorialAVOSCloud" */ = {
			isa = XCConfigurationList;
			buildConfigurations = (
				B8811DAD15B049AE00F6F58A /* Debug */,
				B8811DAE15B049AE00F6F58A /* Release */,
			);
			defaultConfigurationIsVisible = 0;
			defaultConfigurationName = Release;
		};
		B8811DAF15B049AE00F6F58A /* Build configuration list for PBXNativeTarget "TutorialAVOSCloud" */ = {
			isa = XCConfigurationList;
			buildConfigurations = (
				B8811DB015B049AE00F6F58A /* Debug */,
				B8811DB115B049AE00F6F58A /* Release */,
			);
			defaultConfigurationIsVisible = 0;
			defaultConfigurationName = Release;
		};
/* End XCConfigurationList section */
	};
	rootObject = B8811D8515B049AD00F6F58A /* Project object */;
}
